// !$*UTF8*$!
{
	archiveVersion = 1;
	classes = {
	};
	objectVersion = 46;
	objects = {

/* Begin PBXBuildFile section */
		66FDD222950B544A3DBD3E48 /* libPods-POC_PNChartTests.a in Frameworks */ = {isa = PBXBuildFile; fileRef = 69EE298B24640623ACBA0A48 /* libPods-POC_PNChartTests.a */; };
		A71938C81B38835D0015ED6E /* SMBluetoothSimulator.swift in Sources */ = {isa = PBXBuildFile; fileRef = A71938C71B38835D0015ED6E /* SMBluetoothSimulator.swift */; };
		A71938CC1B3884660015ED6E /* RAC.swift in Sources */ = {isa = PBXBuildFile; fileRef = A71938C91B3884660015ED6E /* RAC.swift */; };
		A71938CD1B3884660015ED6E /* RACObserve.swift in Sources */ = {isa = PBXBuildFile; fileRef = A71938CA1B3884660015ED6E /* RACObserve.swift */; };
		A71938CE1B3884660015ED6E /* RACSignal+Extensions.swift in Sources */ = {isa = PBXBuildFile; fileRef = A71938CB1B3884660015ED6E /* RACSignal+Extensions.swift */; };
		A7519D0F1B3873790029024D /* AppDelegate.swift in Sources */ = {isa = PBXBuildFile; fileRef = A7519D0E1B3873790029024D /* AppDelegate.swift */; };
		A7519D111B3873790029024D /* ViewController.swift in Sources */ = {isa = PBXBuildFile; fileRef = A7519D101B3873790029024D /* ViewController.swift */; };
		A7519D141B3873790029024D /* Main.storyboard in Resources */ = {isa = PBXBuildFile; fileRef = A7519D121B3873790029024D /* Main.storyboard */; };
		A7519D161B3873790029024D /* Images.xcassets in Resources */ = {isa = PBXBuildFile; fileRef = A7519D151B3873790029024D /* Images.xcassets */; };
		A7519D191B3873790029024D /* LaunchScreen.xib in Resources */ = {isa = PBXBuildFile; fileRef = A7519D171B3873790029024D /* LaunchScreen.xib */; };
		A7519D251B3873790029024D /* POC_PNChartTests.swift in Sources */ = {isa = PBXBuildFile; fileRef = A7519D241B3873790029024D /* POC_PNChartTests.swift */; };
		A797A5E91B3AA75D00058155 /* SwiftyJSON.swift in Sources */ = {isa = PBXBuildFile; fileRef = A797A5E81B3AA75D00058155 /* SwiftyJSON.swift */; };
		A797A5EA1B3AA75D00058155 /* SwiftyJSON.swift in Sources */ = {isa = PBXBuildFile; fileRef = A797A5E81B3AA75D00058155 /* SwiftyJSON.swift */; };
		A7BBA6CC1B3C026100CF4616 /* SMViewController.m in Sources */ = {isa = PBXBuildFile; fileRef = A7BBA6CB1B3C026100CF4616 /* SMViewController.m */; };
		A7BBA6CD1B3C026100CF4616 /* SMViewController.m in Sources */ = {isa = PBXBuildFile; fileRef = A7BBA6CB1B3C026100CF4616 /* SMViewController.m */; };
		FF9B65CC09779BF0D938901C /* libPods-POC_PNChart.a in Frameworks */ = {isa = PBXBuildFile; fileRef = 58F70798EC78F3DA3180902A /* libPods-POC_PNChart.a */; };
/* End PBXBuildFile section */

/* Begin PBXContainerItemProxy section */
		A7519D1F1B3873790029024D /* PBXContainerItemProxy */ = {
			isa = PBXContainerItemProxy;
			containerPortal = A7519D011B3873790029024D /* Project object */;
			proxyType = 1;
			remoteGlobalIDString = A7519D081B3873790029024D;
			remoteInfo = POC_PNChart;
		};
/* End PBXContainerItemProxy section */

/* Begin PBXFileReference section */
		1C2C4BAF30504ABDD989865F /* Pods-POC_PNChart.debug.xcconfig */ = {isa = PBXFileReference; includeInIndex = 1; lastKnownFileType = text.xcconfig; name = "Pods-POC_PNChart.debug.xcconfig"; path = "Pods/Target Support Files/Pods-POC_PNChart/Pods-POC_PNChart.debug.xcconfig"; sourceTree = "<group>"; };
		51693D94DA919792234C604C /* Pods-POC_PNChartTests.debug.xcconfig */ = {isa = PBXFileReference; includeInIndex = 1; lastKnownFileType = text.xcconfig; name = "Pods-POC_PNChartTests.debug.xcconfig"; path = "Pods/Target Support Files/Pods-POC_PNChartTests/Pods-POC_PNChartTests.debug.xcconfig"; sourceTree = "<group>"; };
		58F70798EC78F3DA3180902A /* libPods-POC_PNChart.a */ = {isa = PBXFileReference; explicitFileType = archive.ar; includeInIndex = 0; path = "libPods-POC_PNChart.a"; sourceTree = BUILT_PRODUCTS_DIR; };
		69EE298B24640623ACBA0A48 /* libPods-POC_PNChartTests.a */ = {isa = PBXFileReference; explicitFileType = archive.ar; includeInIndex = 0; path = "libPods-POC_PNChartTests.a"; sourceTree = BUILT_PRODUCTS_DIR; };
		A71938C71B38835D0015ED6E /* SMBluetoothSimulator.swift */ = {isa = PBXFileReference; fileEncoding = 4; lastKnownFileType = sourcecode.swift; name = SMBluetoothSimulator.swift; path = PNChartSwift/SMBluetoothSimulator.swift; sourceTree = "<group>"; };
		A71938C91B3884660015ED6E /* RAC.swift */ = {isa = PBXFileReference; fileEncoding = 4; lastKnownFileType = sourcecode.swift; name = RAC.swift; path = PNChartSwift/RAC.swift; sourceTree = "<group>"; };
		A71938CA1B3884660015ED6E /* RACObserve.swift */ = {isa = PBXFileReference; fileEncoding = 4; lastKnownFileType = sourcecode.swift; name = RACObserve.swift; path = PNChartSwift/RACObserve.swift; sourceTree = "<group>"; };
		A71938CB1B3884660015ED6E /* RACSignal+Extensions.swift */ = {isa = PBXFileReference; fileEncoding = 4; lastKnownFileType = sourcecode.swift; name = "RACSignal+Extensions.swift"; path = "PNChartSwift/RACSignal+Extensions.swift"; sourceTree = "<group>"; };
		A7519D091B3873790029024D /* POC_PNChart.app */ = {isa = PBXFileReference; explicitFileType = wrapper.application; includeInIndex = 0; path = POC_PNChart.app; sourceTree = BUILT_PRODUCTS_DIR; };
		A7519D0D1B3873790029024D /* Info.plist */ = {isa = PBXFileReference; lastKnownFileType = text.plist.xml; path = Info.plist; sourceTree = "<group>"; };
		A7519D0E1B3873790029024D /* AppDelegate.swift */ = {isa = PBXFileReference; lastKnownFileType = sourcecode.swift; path = AppDelegate.swift; sourceTree = "<group>"; };
		A7519D101B3873790029024D /* ViewController.swift */ = {isa = PBXFileReference; lastKnownFileType = sourcecode.swift; path = ViewController.swift; sourceTree = "<group>"; };
		A7519D131B3873790029024D /* Base */ = {isa = PBXFileReference; lastKnownFileType = file.storyboard; name = Base; path = Base.lproj/Main.storyboard; sourceTree = "<group>"; };
		A7519D151B3873790029024D /* Images.xcassets */ = {isa = PBXFileReference; lastKnownFileType = folder.assetcatalog; path = Images.xcassets; sourceTree = "<group>"; };
		A7519D181B3873790029024D /* Base */ = {isa = PBXFileReference; lastKnownFileType = file.xib; name = Base; path = Base.lproj/LaunchScreen.xib; sourceTree = "<group>"; };
		A7519D1E1B3873790029024D /* POC_PNChartTests.xctest */ = {isa = PBXFileReference; explicitFileType = wrapper.cfbundle; includeInIndex = 0; path = POC_PNChartTests.xctest; sourceTree = BUILT_PRODUCTS_DIR; };
		A7519D231B3873790029024D /* Info.plist */ = {isa = PBXFileReference; lastKnownFileType = text.plist.xml; path = Info.plist; sourceTree = "<group>"; };
		A7519D241B3873790029024D /* POC_PNChartTests.swift */ = {isa = PBXFileReference; lastKnownFileType = sourcecode.swift; path = POC_PNChartTests.swift; sourceTree = "<group>"; };
		A797A5E71B3AA75D00058155 /* SwiftyJSON.h */ = {isa = PBXFileReference; fileEncoding = 4; lastKnownFileType = sourcecode.c.h; path = SwiftyJSON.h; sourceTree = "<group>"; };
		A797A5E81B3AA75D00058155 /* SwiftyJSON.swift */ = {isa = PBXFileReference; fileEncoding = 4; lastKnownFileType = sourcecode.swift; path = SwiftyJSON.swift; sourceTree = "<group>"; };
		A7BBA6CA1B3C026100CF4616 /* SMViewController.h */ = {isa = PBXFileReference; fileEncoding = 4; lastKnownFileType = sourcecode.c.h; path = SMViewController.h; sourceTree = "<group>"; };
		A7BBA6CB1B3C026100CF4616 /* SMViewController.m */ = {isa = PBXFileReference; fileEncoding = 4; lastKnownFileType = sourcecode.c.objc; path = SMViewController.m; sourceTree = "<group>"; };
		B234D9CEE3AF20B96BFEF65D /* Pods-POC_PNChartTests.release.xcconfig */ = {isa = PBXFileReference; includeInIndex = 1; lastKnownFileType = text.xcconfig; name = "Pods-POC_PNChartTests.release.xcconfig"; path = "Pods/Target Support Files/Pods-POC_PNChartTests/Pods-POC_PNChartTests.release.xcconfig"; sourceTree = "<group>"; };
		FB86B18BD1F25484A7F4A620 /* Pods-POC_PNChart.release.xcconfig */ = {isa = PBXFileReference; includeInIndex = 1; lastKnownFileType = text.xcconfig; name = "Pods-POC_PNChart.release.xcconfig"; path = "Pods/Target Support Files/Pods-POC_PNChart/Pods-POC_PNChart.release.xcconfig"; sourceTree = "<group>"; };
/* End PBXFileReference section */

/* Begin PBXFrameworksBuildPhase section */
		A7519D061B3873790029024D /* Frameworks */ = {
			isa = PBXFrameworksBuildPhase;
			buildActionMask = 2147483647;
			files = (
				FF9B65CC09779BF0D938901C /* libPods-POC_PNChart.a in Frameworks */,
			);
			runOnlyForDeploymentPostprocessing = 0;
		};
		A7519D1B1B3873790029024D /* Frameworks */ = {
			isa = PBXFrameworksBuildPhase;
			buildActionMask = 2147483647;
			files = (
				66FDD222950B544A3DBD3E48 /* libPods-POC_PNChartTests.a in Frameworks */,
			);
			runOnlyForDeploymentPostprocessing = 0;
		};
/* End PBXFrameworksBuildPhase section */

/* Begin PBXGroup section */
		3AD4011BA5F1EC0BD0CAE81A /* Pods */ = {
			isa = PBXGroup;
			children = (
				1C2C4BAF30504ABDD989865F /* Pods-POC_PNChart.debug.xcconfig */,
				FB86B18BD1F25484A7F4A620 /* Pods-POC_PNChart.release.xcconfig */,
				51693D94DA919792234C604C /* Pods-POC_PNChartTests.debug.xcconfig */,
				B234D9CEE3AF20B96BFEF65D /* Pods-POC_PNChartTests.release.xcconfig */,
			);
			name = Pods;
			sourceTree = "<group>";
		};
		A719392E1B3885C70015ED6E /* Utils */ = {
			isa = PBXGroup;
			children = (
				A71938CA1B3884660015ED6E /* RACObserve.swift */,
				A71938CB1B3884660015ED6E /* RACSignal+Extensions.swift */,
				A71938C91B3884660015ED6E /* RAC.swift */,
			);
			name = Utils;
			sourceTree = "<group>";
		};
		A7519D001B3873790029024D = {
			isa = PBXGroup;
			children = (
				A7519D0B1B3873790029024D /* POC_PNChart */,
				A7519D211B3873790029024D /* POC_PNChartTests */,
				A7519D0A1B3873790029024D /* Products */,
				3AD4011BA5F1EC0BD0CAE81A /* Pods */,
				F91BFBB47CF753A73FC5C2F1 /* Frameworks */,
			);
			sourceTree = "<group>";
		};
		A7519D0A1B3873790029024D /* Products */ = {
			isa = PBXGroup;
			children = (
				A7519D091B3873790029024D /* POC_PNChart.app */,
				A7519D1E1B3873790029024D /* POC_PNChartTests.xctest */,
			);
			name = Products;
			sourceTree = "<group>";
		};
		A7519D0B1B3873790029024D /* POC_PNChart */ = {
			isa = PBXGroup;
			children = (
				A719392E1B3885C70015ED6E /* Utils */,
				A7519D2E1B3876200029024D /* Library */,
				A7519D0E1B3873790029024D /* AppDelegate.swift */,
				A7519D101B3873790029024D /* ViewController.swift */,
				A71938C71B38835D0015ED6E /* SMBluetoothSimulator.swift */,
				A7BBA6CA1B3C026100CF4616 /* SMViewController.h */,
				A7BBA6CB1B3C026100CF4616 /* SMViewController.m */,
				A7519D121B3873790029024D /* Main.storyboard */,
				A7519D151B3873790029024D /* Images.xcassets */,
				A7519D171B3873790029024D /* LaunchScreen.xib */,
				A7519D0C1B3873790029024D /* Supporting Files */,
			);
			path = POC_PNChart;
			sourceTree = "<group>";
		};
		A7519D0C1B3873790029024D /* Supporting Files */ = {
			isa = PBXGroup;
			children = (
				A7519D0D1B3873790029024D /* Info.plist */,
			);
			name = "Supporting Files";
			sourceTree = "<group>";
		};
		A7519D211B3873790029024D /* POC_PNChartTests */ = {
			isa = PBXGroup;
			children = (
				A7519D241B3873790029024D /* POC_PNChartTests.swift */,
				A7519D221B3873790029024D /* Supporting Files */,
			);
			path = POC_PNChartTests;
			sourceTree = "<group>";
		};
		A7519D221B3873790029024D /* Supporting Files */ = {
			isa = PBXGroup;
			children = (
				A7519D231B3873790029024D /* Info.plist */,
			);
			name = "Supporting Files";
			sourceTree = "<group>";
		};
		A7519D2E1B3876200029024D /* Library */ = {
			isa = PBXGroup;
			children = (
				A797A5E71B3AA75D00058155 /* SwiftyJSON.h */,
				A797A5E81B3AA75D00058155 /* SwiftyJSON.swift */,
			);
			name = Library;
			sourceTree = "<group>";
		};
		F91BFBB47CF753A73FC5C2F1 /* Frameworks */ = {
			isa = PBXGroup;
			children = (
				58F70798EC78F3DA3180902A /* libPods-POC_PNChart.a */,
				69EE298B24640623ACBA0A48 /* libPods-POC_PNChartTests.a */,
			);
			name = Frameworks;
			sourceTree = "<group>";
		};
/* End PBXGroup section */

/* Begin PBXNativeTarget section */
		A7519D081B3873790029024D /* POC_PNChart */ = {
			isa = PBXNativeTarget;
			buildConfigurationList = A7519D281B3873790029024D /* Build configuration list for PBXNativeTarget "POC_PNChart" */;
			buildPhases = (
				F3C936E21EA1D1FEF27BF9FC /* Check Pods Manifest.lock */,
				A7519D051B3873790029024D /* Sources */,
				A7519D061B3873790029024D /* Frameworks */,
				A7519D071B3873790029024D /* Resources */,
				D8F0E3E3A5AAE9C2830B5E81 /* Copy Pods Resources */,
			);
			buildRules = (
			);
			dependencies = (
			);
			name = POC_PNChart;
			productName = POC_PNChart;
			productReference = A7519D091B3873790029024D /* POC_PNChart.app */;
			productType = "com.apple.product-type.application";
		};
		A7519D1D1B3873790029024D /* POC_PNChartTests */ = {
			isa = PBXNativeTarget;
			buildConfigurationList = A7519D2B1B3873790029024D /* Build configuration list for PBXNativeTarget "POC_PNChartTests" */;
			buildPhases = (
				3D53414AD10969158C9C63FC /* Check Pods Manifest.lock */,
				A7519D1A1B3873790029024D /* Sources */,
				A7519D1B1B3873790029024D /* Frameworks */,
				A7519D1C1B3873790029024D /* Resources */,
				02264C16580B424C9CB27148 /* Copy Pods Resources */,
			);
			buildRules = (
			);
			dependencies = (
				A7519D201B3873790029024D /* PBXTargetDependency */,
			);
			name = POC_PNChartTests;
			productName = POC_PNChartTests;
			productReference = A7519D1E1B3873790029024D /* POC_PNChartTests.xctest */;
			productType = "com.apple.product-type.bundle.unit-test";
		};
/* End PBXNativeTarget section */

/* Begin PBXProject section */
		A7519D011B3873790029024D /* Project object */ = {
			isa = PBXProject;
			attributes = {
				LastUpgradeCheck = 0630;
				ORGANIZATIONNAME = Sensmove;
				TargetAttributes = {
					A7519D081B3873790029024D = {
						CreatedOnToolsVersion = 6.3.2;
					};
					A7519D1D1B3873790029024D = {
						CreatedOnToolsVersion = 6.3.2;
						TestTargetID = A7519D081B3873790029024D;
					};
				};
			};
			buildConfigurationList = A7519D041B3873790029024D /* Build configuration list for PBXProject "POC_PNChart" */;
			compatibilityVersion = "Xcode 3.2";
			developmentRegion = English;
			hasScannedForEncodings = 0;
			knownRegions = (
				en,
				Base,
			);
			mainGroup = A7519D001B3873790029024D;
			productRefGroup = A7519D0A1B3873790029024D /* Products */;
			projectDirPath = "";
			projectRoot = "";
			targets = (
				A7519D081B3873790029024D /* POC_PNChart */,
				A7519D1D1B3873790029024D /* POC_PNChartTests */,
			);
		};
/* End PBXProject section */

/* Begin PBXResourcesBuildPhase section */
		A7519D071B3873790029024D /* Resources */ = {
			isa = PBXResourcesBuildPhase;
			buildActionMask = 2147483647;
			files = (
				A7519D141B3873790029024D /* Main.storyboard in Resources */,
				A7519D191B3873790029024D /* LaunchScreen.xib in Resources */,
				A7519D161B3873790029024D /* Images.xcassets in Resources */,
			);
			runOnlyForDeploymentPostprocessing = 0;
		};
		A7519D1C1B3873790029024D /* Resources */ = {
			isa = PBXResourcesBuildPhase;
			buildActionMask = 2147483647;
			files = (
			);
			runOnlyForDeploymentPostprocessing = 0;
		};
/* End PBXResourcesBuildPhase section */

/* Begin PBXShellScriptBuildPhase section */
		02264C16580B424C9CB27148 /* Copy Pods Resources */ = {
			isa = PBXShellScriptBuildPhase;
			buildActionMask = 2147483647;
			files = (
			);
			inputPaths = (
			);
			name = "Copy Pods Resources";
			outputPaths = (
			);
			runOnlyForDeploymentPostprocessing = 0;
			shellPath = /bin/sh;
			shellScript = "\"${SRCROOT}/Pods/Target Support Files/Pods-POC_PNChartTests/Pods-POC_PNChartTests-resources.sh\"\n";
			showEnvVarsInLog = 0;
		};
		3D53414AD10969158C9C63FC /* Check Pods Manifest.lock */ = {
			isa = PBXShellScriptBuildPhase;
			buildActionMask = 2147483647;
			files = (
			);
			inputPaths = (
			);
			name = "Check Pods Manifest.lock";
			outputPaths = (
			);
			runOnlyForDeploymentPostprocessing = 0;
			shellPath = /bin/sh;
			shellScript = "diff \"${PODS_ROOT}/../Podfile.lock\" \"${PODS_ROOT}/Manifest.lock\" > /dev/null\nif [[ $? != 0 ]] ; then\n    cat << EOM\nerror: The sandbox is not in sync with the Podfile.lock. Run 'pod install' or update your CocoaPods installation.\nEOM\n    exit 1\nfi\n";
			showEnvVarsInLog = 0;
		};
		D8F0E3E3A5AAE9C2830B5E81 /* Copy Pods Resources */ = {
			isa = PBXShellScriptBuildPhase;
			buildActionMask = 2147483647;
			files = (
			);
			inputPaths = (
			);
			name = "Copy Pods Resources";
			outputPaths = (
			);
			runOnlyForDeploymentPostprocessing = 0;
			shellPath = /bin/sh;
			shellScript = "\"${SRCROOT}/Pods/Target Support Files/Pods-POC_PNChart/Pods-POC_PNChart-resources.sh\"\n";
			showEnvVarsInLog = 0;
		};
		F3C936E21EA1D1FEF27BF9FC /* Check Pods Manifest.lock */ = {
			isa = PBXShellScriptBuildPhase;
			buildActionMask = 2147483647;
			files = (
			);
			inputPaths = (
			);
			name = "Check Pods Manifest.lock";
			outputPaths = (
			);
			runOnlyForDeploymentPostprocessing = 0;
			shellPath = /bin/sh;
			shellScript = "diff \"${PODS_ROOT}/../Podfile.lock\" \"${PODS_ROOT}/Manifest.lock\" > /dev/null\nif [[ $? != 0 ]] ; then\n    cat << EOM\nerror: The sandbox is not in sync with the Podfile.lock. Run 'pod install' or update your CocoaPods installation.\nEOM\n    exit 1\nfi\n";
			showEnvVarsInLog = 0;
		};
/* End PBXShellScriptBuildPhase section */

/* Begin PBXSourcesBuildPhase section */
		A7519D051B3873790029024D /* Sources */ = {
			isa = PBXSourcesBuildPhase;
			buildActionMask = 2147483647;
			files = (
				A71938CC1B3884660015ED6E /* RAC.swift in Sources */,
				A71938CD1B3884660015ED6E /* RACObserve.swift in Sources */,
				A7519D111B3873790029024D /* ViewController.swift in Sources */,
				A71938C81B38835D0015ED6E /* SMBluetoothSimulator.swift in Sources */,
				A7BBA6CC1B3C026100CF4616 /* SMViewController.m in Sources */,
				A7519D0F1B3873790029024D /* AppDelegate.swift in Sources */,
				A797A5E91B3AA75D00058155 /* SwiftyJSON.swift in Sources */,
				A71938CE1B3884660015ED6E /* RACSignal+Extensions.swift in Sources */,
			);
			runOnlyForDeploymentPostprocessing = 0;
		};
		A7519D1A1B3873790029024D /* Sources */ = {
			isa = PBXSourcesBuildPhase;
			buildActionMask = 2147483647;
			files = (
				A7519D251B3873790029024D /* POC_PNChartTests.swift in Sources */,
				A7BBA6CD1B3C026100CF4616 /* SMViewController.m in Sources */,
				A797A5EA1B3AA75D00058155 /* SwiftyJSON.swift in Sources */,
			);
			runOnlyForDeploymentPostprocessing = 0;
		};
/* End PBXSourcesBuildPhase section */

/* Begin PBXTargetDependency section */
		A7519D201B3873790029024D /* PBXTargetDependency */ = {
			isa = PBXTargetDependency;
			target = A7519D081B3873790029024D /* POC_PNChart */;
			targetProxy = A7519D1F1B3873790029024D /* PBXContainerItemProxy */;
		};
/* End PBXTargetDependency section */

/* Begin PBXVariantGroup section */
		A7519D121B3873790029024D /* Main.storyboard */ = {
			isa = PBXVariantGroup;
			children = (
				A7519D131B3873790029024D /* Base */,
			);
			name = Main.storyboard;
			sourceTree = "<group>";
		};
		A7519D171B3873790029024D /* LaunchScreen.xib */ = {
			isa = PBXVariantGroup;
			children = (
				A7519D181B3873790029024D /* Base */,
			);
			name = LaunchScreen.xib;
			sourceTree = "<group>";
		};
/* End PBXVariantGroup section */

/* Begin XCBuildConfiguration section */
		A7519D261B3873790029024D /* Debug */ = {
			isa = XCBuildConfiguration;
			buildSettings = {
				ALWAYS_SEARCH_USER_PATHS = NO;
				CLANG_CXX_LANGUAGE_STANDARD = "gnu++0x";
				CLANG_CXX_LIBRARY = "libc++";
				CLANG_ENABLE_MODULES = YES;
				CLANG_ENABLE_OBJC_ARC = YES;
				CLANG_WARN_BOOL_CONVERSION = YES;
				CLANG_WARN_CONSTANT_CONVERSION = YES;
				CLANG_WARN_DIRECT_OBJC_ISA_USAGE = YES_ERROR;
				CLANG_WARN_EMPTY_BODY = YES;
				CLANG_WARN_ENUM_CONVERSION = YES;
				CLANG_WARN_INT_CONVERSION = YES;
				CLANG_WARN_OBJC_ROOT_CLASS = YES_ERROR;
				CLANG_WARN_UNREACHABLE_CODE = YES;
				CLANG_WARN__DUPLICATE_METHOD_MATCH = YES;
				"CODE_SIGN_IDENTITY[sdk=iphoneos*]" = "iPhone Developer";
				COPY_PHASE_STRIP = NO;
				DEBUG_INFORMATION_FORMAT = "dwarf-with-dsym";
				ENABLE_STRICT_OBJC_MSGSEND = YES;
				GCC_C_LANGUAGE_STANDARD = gnu99;
				GCC_DYNAMIC_NO_PIC = NO;
				GCC_NO_COMMON_BLOCKS = YES;
				GCC_OPTIMIZATION_LEVEL = 0;
				GCC_PREPROCESSOR_DEFINITIONS = (
					"DEBUG=1",
					"$(inherited)",
				);
				GCC_SYMBOLS_PRIVATE_EXTERN = NO;
				GCC_WARN_64_TO_32_BIT_CONVERSION = YES;
				GCC_WARN_ABOUT_RETURN_TYPE = YES_ERROR;
				GCC_WARN_UNDECLARED_SELECTOR = YES;
				GCC_WARN_UNINITIALIZED_AUTOS = YES_AGGRESSIVE;
				GCC_WARN_UNUSED_FUNCTION = YES;
				GCC_WARN_UNUSED_VARIABLE = YES;
				IPHONEOS_DEPLOYMENT_TARGET = 8.3;
				MTL_ENABLE_DEBUG_INFO = YES;
				ONLY_ACTIVE_ARCH = YES;
				SDKROOT = iphoneos;
				SWIFT_OPTIMIZATION_LEVEL = "-Onone";
			};
			name = Debug;
		};
		A7519D271B3873790029024D /* Release */ = {
			isa = XCBuildConfiguration;
			buildSettings = {
				ALWAYS_SEARCH_USER_PATHS = NO;
				CLANG_CXX_LANGUAGE_STANDARD = "gnu++0x";
				CLANG_CXX_LIBRARY = "libc++";
				CLANG_ENABLE_MODULES = YES;
				CLANG_ENABLE_OBJC_ARC = YES;
				CLANG_WARN_BOOL_CONVERSION = YES;
				CLANG_WARN_CONSTANT_CONVERSION = YES;
				CLANG_WARN_DIRECT_OBJC_ISA_USAGE = YES_ERROR;
				CLANG_WARN_EMPTY_BODY = YES;
				CLANG_WARN_ENUM_CONVERSION = YES;
				CLANG_WARN_INT_CONVERSION = YES;
				CLANG_WARN_OBJC_ROOT_CLASS = YES_ERROR;
				CLANG_WARN_UNREACHABLE_CODE = YES;
				CLANG_WARN__DUPLICATE_METHOD_MATCH = YES;
				"CODE_SIGN_IDENTITY[sdk=iphoneos*]" = "iPhone Developer";
				COPY_PHASE_STRIP = NO;
				DEBUG_INFORMATION_FORMAT = "dwarf-with-dsym";
				ENABLE_NS_ASSERTIONS = NO;
				ENABLE_STRICT_OBJC_MSGSEND = YES;
				GCC_C_LANGUAGE_STANDARD = gnu99;
				GCC_NO_COMMON_BLOCKS = YES;
				GCC_WARN_64_TO_32_BIT_CONVERSION = YES;
				GCC_WARN_ABOUT_RETURN_TYPE = YES_ERROR;
				GCC_WARN_UNDECLARED_SELECTOR = YES;
				GCC_WARN_UNINITIALIZED_AUTOS = YES_AGGRESSIVE;
				GCC_WARN_UNUSED_FUNCTION = YES;
				GCC_WARN_UNUSED_VARIABLE = YES;
				IPHONEOS_DEPLOYMENT_TARGET = 8.3;
				MTL_ENABLE_DEBUG_INFO = NO;
				SDKROOT = iphoneos;
				VALIDATE_PRODUCT = YES;
			};
			name = Release;
		};
		A7519D291B3873790029024D /* Debug */ = {
			isa = XCBuildConfiguration;
			baseConfigurationReference = 1C2C4BAF30504ABDD989865F /* Pods-POC_PNChart.debug.xcconfig */;
			buildSettings = {
				ASSETCATALOG_COMPILER_APPICON_NAME = AppIcon;
				CLANG_ENABLE_MODULES = YES;
				DEFINES_MODULE = YES;
				EMBEDDED_CONTENT_CONTAINS_SWIFT = YES;
				INFOPLIST_FILE = POC_PNChart/Info.plist;
				LD_RUNPATH_SEARCH_PATHS = "$(inherited) @executable_path/Frameworks";
				PRODUCT_NAME = "$(TARGET_NAME)";
				SWIFT_INSTALL_OBJC_HEADER = YES;
				SWIFT_OBJC_BRIDGING_HEADER = "";
				"SWIFT_OBJC_BRIDGING_HEADER[arch=*]" = "POC_PNChart-Bridging-Header.h";
				SWIFT_OPTIMIZATION_LEVEL = "-Onone";
			};
			name = Debug;
		};
		A7519D2A1B3873790029024D /* Release */ = {
			isa = XCBuildConfiguration;
			baseConfigurationReference = FB86B18BD1F25484A7F4A620 /* Pods-POC_PNChart.release.xcconfig */;
			buildSettings = {
				ASSETCATALOG_COMPILER_APPICON_NAME = AppIcon;
				CLANG_ENABLE_MODULES = YES;
				DEFINES_MODULE = YES;
				EMBEDDED_CONTENT_CONTAINS_SWIFT = YES;
				INFOPLIST_FILE = POC_PNChart/Info.plist;
				LD_RUNPATH_SEARCH_PATHS = "$(inherited) @executable_path/Frameworks";
				PRODUCT_NAME = "$(TARGET_NAME)";
				SWIFT_INSTALL_OBJC_HEADER = YES;
				SWIFT_OBJC_BRIDGING_HEADER = "";
				"SWIFT_OBJC_BRIDGING_HEADER[arch=*]" = "POC_PNChart-Bridging-Header.h";
			};
			name = Release;
		};
		A7519D2C1B3873790029024D /* Debug */ = {
			isa = XCBuildConfiguration;
			baseConfigurationReference = 51693D94DA919792234C604C /* Pods-POC_PNChartTests.debug.xcconfig */;
			buildSettings = {
				BUNDLE_LOADER = "$(TEST_HOST)";
				FRAMEWORK_SEARCH_PATHS = (
					"$(SDKROOT)/Developer/Library/Frameworks",
					"$(inherited)",
				);
				GCC_PREPROCESSOR_DEFINITIONS = (
					"DEBUG=1",
					"$(inherited)",
				);
				INFOPLIST_FILE = POC_PNChartTests/Info.plist;
				LD_RUNPATH_SEARCH_PATHS = "$(inherited) @executable_path/Frameworks @loader_path/Frameworks";
				PRODUCT_NAME = "$(TARGET_NAME)";
				TEST_HOST = "$(BUILT_PRODUCTS_DIR)/POC_PNChart.app/POC_PNChart";
			};
			name = Debug;
		};
		A7519D2D1B3873790029024D /* Release */ = {
			isa = XCBuildConfiguration;
			baseConfigurationReference = B234D9CEE3AF20B96BFEF65D /* Pods-POC_PNChartTests.release.xcconfig */;
			buildSettings = {
				BUNDLE_LOADER = "$(TEST_HOST)";
				FRAMEWORK_SEARCH_PATHS = (
					"$(SDKROOT)/Developer/Library/Frameworks",
					"$(inherited)",
				);
				INFOPLIST_FILE = POC_PNChartTests/Info.plist;
				LD_RUNPATH_SEARCH_PATHS = "$(inherited) @executable_path/Frameworks @loader_path/Frameworks";
				PRODUCT_NAME = "$(TARGET_NAME)";
				TEST_HOST = "$(BUILT_PRODUCTS_DIR)/POC_PNChart.app/POC_PNChart";
			};
			name = Release;
		};
/* End XCBuildConfiguration section */

/* Begin XCConfigurationList section */
		A7519D041B3873790029024D /* Build configuration list for PBXProject "POC_PNChart" */ = {
			isa = XCConfigurationList;
			buildConfigurations = (
				A7519D261B3873790029024D /* Debug */,
				A7519D271B3873790029024D /* Release */,
			);
			defaultConfigurationIsVisible = 0;
			defaultConfigurationName = Release;
		};
		A7519D281B3873790029024D /* Build configuration list for PBXNativeTarget "POC_PNChart" */ = {
			isa = XCConfigurationList;
			buildConfigurations = (
				A7519D291B3873790029024D /* Debug */,
				A7519D2A1B3873790029024D /* Release */,
			);
			defaultConfigurationIsVisible = 0;
			defaultConfigurationName = Release;
		};
		A7519D2B1B3873790029024D /* Build configuration list for PBXNativeTarget "POC_PNChartTests" */ = {
			isa = XCConfigurationList;
			buildConfigurations = (
				A7519D2C1B3873790029024D /* Debug */,
				A7519D2D1B3873790029024D /* Release */,
			);
			defaultConfigurationIsVisible = 0;
			defaultConfigurationName = Release;
		};
/* End XCConfigurationList section */
	};
	rootObject = A7519D011B3873790029024D /* Project object */;
}
