PODS:
  - AMSlideMenu (1.5.4)
  - PNChart (0.8.3):
    - UICountingLabel (~> 1.2.0)
  - ReactiveCocoa (2.5):
    - ReactiveCocoa/UI (= 2.5)
  - ReactiveCocoa/Core (2.5):
    - ReactiveCocoa/no-arc
  - ReactiveCocoa/no-arc (2.5)
  - ReactiveCocoa/UI (2.5):
    - ReactiveCocoa/Core
  - UICountingLabel (1.2.0)

DEPENDENCIES:
  - AMSlideMenu (~> 1.5.4)
  - PNChart
  - ReactiveCocoa (~> 2.3)

SPEC CHECKSUMS:
  AMSlideMenu: 8571937703d2b8e187b22c1416be4cafc3532a11
  PNChart: 8d81e061ec4845915184755d8da84f385ca1cb28
  ReactiveCocoa: e2db045570aa97c695e7aa97c2bcab222ae51f4a
  UICountingLabel: 1db4e7d023e1762171eb226d6dff47a7a84f27aa

COCOAPODS: 0.37.1
