// !$*UTF8*$!
{
	archiveVersion = 1;
	classes = {
	};
	objectVersion = 46;
	objects = {

/* Begin PBXBuildFile section */
		A793A16A1B3D783200DCB328 /* AppDelegate.swift in Sources */ = {isa = PBXBuildFile; fileRef = A793A1691B3D783200DCB328 /* AppDelegate.swift */; };
		A793A16C1B3D783200DCB328 /* ViewController.swift in Sources */ = {isa = PBXBuildFile; fileRef = A793A16B1B3D783200DCB328 /* ViewController.swift */; };
		A793A16F1B3D783200DCB328 /* Main.storyboard in Resources */ = {isa = PBXBuildFile; fileRef = A793A16D1B3D783200DCB328 /* Main.storyboard */; };
		A793A1711B3D783200DCB328 /* Images.xcassets in Resources */ = {isa = PBXBuildFile; fileRef = A793A1701B3D783200DCB328 /* Images.xcassets */; };
		A793A1741B3D783200DCB328 /* LaunchScreen.xib in Resources */ = {isa = PBXBuildFile; fileRef = A793A1721B3D783200DCB328 /* LaunchScreen.xib */; };
		A793A1801B3D783200DCB328 /* POCChartsTests.swift in Sources */ = {isa = PBXBuildFile; fileRef = A793A17F1B3D783200DCB328 /* POCChartsTests.swift */; };
/* End PBXBuildFile section */

/* Begin PBXContainerItemProxy section */
		A793A17A1B3D783200DCB328 /* PBXContainerItemProxy */ = {
			isa = PBXContainerItemProxy;
			containerPortal = A793A15C1B3D783200DCB328 /* Project object */;
			proxyType = 1;
			remoteGlobalIDString = A793A1631B3D783200DCB328;
			remoteInfo = POCCharts;
		};
/* End PBXContainerItemProxy section */

/* Begin PBXFileReference section */
		A793A1641B3D783200DCB328 /* POCCharts.app */ = {isa = PBXFileReference; explicitFileType = wrapper.application; includeInIndex = 0; path = POCCharts.app; sourceTree = BUILT_PRODUCTS_DIR; };
		A793A1681B3D783200DCB328 /* Info.plist */ = {isa = PBXFileReference; lastKnownFileType = text.plist.xml; path = Info.plist; sourceTree = "<group>"; };
		A793A1691B3D783200DCB328 /* AppDelegate.swift */ = {isa = PBXFileReference; lastKnownFileType = sourcecode.swift; path = AppDelegate.swift; sourceTree = "<group>"; };
		A793A16B1B3D783200DCB328 /* ViewController.swift */ = {isa = PBXFileReference; lastKnownFileType = sourcecode.swift; path = ViewController.swift; sourceTree = "<group>"; };
		A793A16E1B3D783200DCB328 /* Base */ = {isa = PBXFileReference; lastKnownFileType = file.storyboard; name = Base; path = Base.lproj/Main.storyboard; sourceTree = "<group>"; };
		A793A1701B3D783200DCB328 /* Images.xcassets */ = {isa = PBXFileReference; lastKnownFileType = folder.assetcatalog; path = Images.xcassets; sourceTree = "<group>"; };
		A793A1731B3D783200DCB328 /* Base */ = {isa = PBXFileReference; lastKnownFileType = file.xib; name = Base; path = Base.lproj/LaunchScreen.xib; sourceTree = "<group>"; };
		A793A1791B3D783200DCB328 /* POCChartsTests.xctest */ = {isa = PBXFileReference; explicitFileType = wrapper.cfbundle; includeInIndex = 0; path = POCChartsTests.xctest; sourceTree = BUILT_PRODUCTS_DIR; };
		A793A17E1B3D783200DCB328 /* Info.plist */ = {isa = PBXFileReference; lastKnownFileType = text.plist.xml; path = Info.plist; sourceTree = "<group>"; };
		A793A17F1B3D783200DCB328 /* POCChartsTests.swift */ = {isa = PBXFileReference; lastKnownFileType = sourcecode.swift; path = POCChartsTests.swift; sourceTree = "<group>"; };
/* End PBXFileReference section */

/* Begin PBXFrameworksBuildPhase section */
		A793A1611B3D783200DCB328 /* Frameworks */ = {
			isa = PBXFrameworksBuildPhase;
			buildActionMask = 2147483647;
			files = (
			);
			runOnlyForDeploymentPostprocessing = 0;
		};
		A793A1761B3D783200DCB328 /* Frameworks */ = {
			isa = PBXFrameworksBuildPhase;
			buildActionMask = 2147483647;
			files = (
			);
			runOnlyForDeploymentPostprocessing = 0;
		};
/* End PBXFrameworksBuildPhase section */

/* Begin PBXGroup section */
		A793A15B1B3D783200DCB328 = {
			isa = PBXGroup;
			children = (
				A793A1661B3D783200DCB328 /* POCCharts */,
				A793A17C1B3D783200DCB328 /* POCChartsTests */,
				A793A1651B3D783200DCB328 /* Products */,
			);
			sourceTree = "<group>";
		};
		A793A1651B3D783200DCB328 /* Products */ = {
			isa = PBXGroup;
			children = (
				A793A1641B3D783200DCB328 /* POCCharts.app */,
				A793A1791B3D783200DCB328 /* POCChartsTests.xctest */,
			);
			name = Products;
			sourceTree = "<group>";
		};
		A793A1661B3D783200DCB328 /* POCCharts */ = {
			isa = PBXGroup;
			children = (
				A793A1691B3D783200DCB328 /* AppDelegate.swift */,
				A793A16B1B3D783200DCB328 /* ViewController.swift */,
				A793A16D1B3D783200DCB328 /* Main.storyboard */,
				A793A1701B3D783200DCB328 /* Images.xcassets */,
				A793A1721B3D783200DCB328 /* LaunchScreen.xib */,
				A793A1671B3D783200DCB328 /* Supporting Files */,
			);
			path = POCCharts;
			sourceTree = "<group>";
		};
		A793A1671B3D783200DCB328 /* Supporting Files */ = {
			isa = PBXGroup;
			children = (
				A793A1681B3D783200DCB328 /* Info.plist */,
			);
			name = "Supporting Files";
			sourceTree = "<group>";
		};
		A793A17C1B3D783200DCB328 /* POCChartsTests */ = {
			isa = PBXGroup;
			children = (
				A793A17F1B3D783200DCB328 /* POCChartsTests.swift */,
				A793A17D1B3D783200DCB328 /* Supporting Files */,
			);
			path = POCChartsTests;
			sourceTree = "<group>";
		};
		A793A17D1B3D783200DCB328 /* Supporting Files */ = {
			isa = PBXGroup;
			children = (
				A793A17E1B3D783200DCB328 /* Info.plist */,
			);
			name = "Supporting Files";
			sourceTree = "<group>";
		};
/* End PBXGroup section */

/* Begin PBXNativeTarget section */
		A793A1631B3D783200DCB328 /* POCCharts */ = {
			isa = PBXNativeTarget;
			buildConfigurationList = A793A1831B3D783200DCB328 /* Build configuration list for PBXNativeTarget "POCCharts" */;
			buildPhases = (
				A793A1601B3D783200DCB328 /* Sources */,
				A793A1611B3D783200DCB328 /* Frameworks */,
				A793A1621B3D783200DCB328 /* Resources */,
			);
			buildRules = (
			);
			dependencies = (
			);
			name = POCCharts;
			productName = POCCharts;
			productReference = A793A1641B3D783200DCB328 /* POCCharts.app */;
			productType = "com.apple.product-type.application";
		};
		A793A1781B3D783200DCB328 /* POCChartsTests */ = {
			isa = PBXNativeTarget;
			buildConfigurationList = A793A1861B3D783200DCB328 /* Build configuration list for PBXNativeTarget "POCChartsTests" */;
			buildPhases = (
				A793A1751B3D783200DCB328 /* Sources */,
				A793A1761B3D783200DCB328 /* Frameworks */,
				A793A1771B3D783200DCB328 /* Resources */,
			);
			buildRules = (
			);
			dependencies = (
				A793A17B1B3D783200DCB328 /* PBXTargetDependency */,
			);
			name = POCChartsTests;
			productName = POCChartsTests;
			productReference = A793A1791B3D783200DCB328 /* POCChartsTests.xctest */;
			productType = "com.apple.product-type.bundle.unit-test";
		};
/* End PBXNativeTarget section */

/* Begin PBXProject section */
		A793A15C1B3D783200DCB328 /* Project object */ = {
			isa = PBXProject;
			attributes = {
				LastUpgradeCheck = 0630;
				ORGANIZATIONNAME = Sensmove;
				TargetAttributes = {
					A793A1631B3D783200DCB328 = {
						CreatedOnToolsVersion = 6.3.2;
					};
					A793A1781B3D783200DCB328 = {
						CreatedOnToolsVersion = 6.3.2;
						TestTargetID = A793A1631B3D783200DCB328;
					};
				};
			};
			buildConfigurationList = A793A15F1B3D783200DCB328 /* Build configuration list for PBXProject "POCCharts" */;
			compatibilityVersion = "Xcode 3.2";
			developmentRegion = English;
			hasScannedForEncodings = 0;
			knownRegions = (
				en,
				Base,
			);
			mainGroup = A793A15B1B3D783200DCB328;
			productRefGroup = A793A1651B3D783200DCB328 /* Products */;
			projectDirPath = "";
			projectRoot = "";
			targets = (
				A793A1631B3D783200DCB328 /* POCCharts */,
				A793A1781B3D783200DCB328 /* POCChartsTests */,
			);
		};
/* End PBXProject section */

/* Begin PBXResourcesBuildPhase section */
		A793A1621B3D783200DCB328 /* Resources */ = {
			isa = PBXResourcesBuildPhase;
			buildActionMask = 2147483647;
			files = (
				A793A16F1B3D783200DCB328 /* Main.storyboard in Resources */,
				A793A1741B3D783200DCB328 /* LaunchScreen.xib in Resources */,
				A793A1711B3D783200DCB328 /* Images.xcassets in Resources */,
			);
			runOnlyForDeploymentPostprocessing = 0;
		};
		A793A1771B3D783200DCB328 /* Resources */ = {
			isa = PBXResourcesBuildPhase;
			buildActionMask = 2147483647;
			files = (
			);
			runOnlyForDeploymentPostprocessing = 0;
		};
/* End PBXResourcesBuildPhase section */

/* Begin PBXSourcesBuildPhase section */
		A793A1601B3D783200DCB328 /* Sources */ = {
			isa = PBXSourcesBuildPhase;
			buildActionMask = 2147483647;
			files = (
				A793A16C1B3D783200DCB328 /* ViewController.swift in Sources */,
				A793A16A1B3D783200DCB328 /* AppDelegate.swift in Sources */,
			);
			runOnlyForDeploymentPostprocessing = 0;
		};
		A793A1751B3D783200DCB328 /* Sources */ = {
			isa = PBXSourcesBuildPhase;
			buildActionMask = 2147483647;
			files = (
				A793A1801B3D783200DCB328 /* POCChartsTests.swift in Sources */,
			);
			runOnlyForDeploymentPostprocessing = 0;
		};
/* End PBXSourcesBuildPhase section */

/* Begin PBXTargetDependency section */
		A793A17B1B3D783200DCB328 /* PBXTargetDependency */ = {
			isa = PBXTargetDependency;
			target = A793A1631B3D783200DCB328 /* POCCharts */;
			targetProxy = A793A17A1B3D783200DCB328 /* PBXContainerItemProxy */;
		};
/* End PBXTargetDependency section */

/* Begin PBXVariantGroup section */
		A793A16D1B3D783200DCB328 /* Main.storyboard */ = {
			isa = PBXVariantGroup;
			children = (
				A793A16E1B3D783200DCB328 /* Base */,
			);
			name = Main.storyboard;
			sourceTree = "<group>";
		};
		A793A1721B3D783200DCB328 /* LaunchScreen.xib */ = {
			isa = PBXVariantGroup;
			children = (
				A793A1731B3D783200DCB328 /* Base */,
			);
			name = LaunchScreen.xib;
			sourceTree = "<group>";
		};
/* End PBXVariantGroup section */

/* Begin XCBuildConfiguration section */
		A793A1811B3D783200DCB328 /* Debug */ = {
			isa = XCBuildConfiguration;
			buildSettings = {
				ALWAYS_SEARCH_USER_PATHS = NO;
				CLANG_CXX_LANGUAGE_STANDARD = "gnu++0x";
				CLANG_CXX_LIBRARY = "libc++";
				CLANG_ENABLE_MODULES = YES;
				CLANG_ENABLE_OBJC_ARC = YES;
				CLANG_WARN_BOOL_CONVERSION = YES;
				CLANG_WARN_CONSTANT_CONVERSION = YES;
				CLANG_WARN_DIRECT_OBJC_ISA_USAGE = YES_ERROR;
				CLANG_WARN_EMPTY_BODY = YES;
				CLANG_WARN_ENUM_CONVERSION = YES;
				CLANG_WARN_INT_CONVERSION = YES;
				CLANG_WARN_OBJC_ROOT_CLASS = YES_ERROR;
				CLANG_WARN_UNREACHABLE_CODE = YES;
				CLANG_WARN__DUPLICATE_METHOD_MATCH = YES;
				"CODE_SIGN_IDENTITY[sdk=iphoneos*]" = "iPhone Developer";
				COPY_PHASE_STRIP = NO;
				DEBUG_INFORMATION_FORMAT = "dwarf-with-dsym";
				ENABLE_STRICT_OBJC_MSGSEND = YES;
				GCC_C_LANGUAGE_STANDARD = gnu99;
				GCC_DYNAMIC_NO_PIC = NO;
				GCC_NO_COMMON_BLOCKS = YES;
				GCC_OPTIMIZATION_LEVEL = 0;
				GCC_PREPROCESSOR_DEFINITIONS = (
					"DEBUG=1",
					"$(inherited)",
				);
				GCC_SYMBOLS_PRIVATE_EXTERN = NO;
				GCC_WARN_64_TO_32_BIT_CONVERSION = YES;
				GCC_WARN_ABOUT_RETURN_TYPE = YES_ERROR;
				GCC_WARN_UNDECLARED_SELECTOR = YES;
				GCC_WARN_UNINITIALIZED_AUTOS = YES_AGGRESSIVE;
				GCC_WARN_UNUSED_FUNCTION = YES;
				GCC_WARN_UNUSED_VARIABLE = YES;
				IPHONEOS_DEPLOYMENT_TARGET = 8.3;
				MTL_ENABLE_DEBUG_INFO = YES;
				ONLY_ACTIVE_ARCH = YES;
				SDKROOT = iphoneos;
				SWIFT_OPTIMIZATION_LEVEL = "-Onone";
			};
			name = Debug;
		};
		A793A1821B3D783200DCB328 /* Release */ = {
			isa = XCBuildConfiguration;
			buildSettings = {
				ALWAYS_SEARCH_USER_PATHS = NO;
				CLANG_CXX_LANGUAGE_STANDARD = "gnu++0x";
				CLANG_CXX_LIBRARY = "libc++";
				CLANG_ENABLE_MODULES = YES;
				CLANG_ENABLE_OBJC_ARC = YES;
				CLANG_WARN_BOOL_CONVERSION = YES;
				CLANG_WARN_CONSTANT_CONVERSION = YES;
				CLANG_WARN_DIRECT_OBJC_ISA_USAGE = YES_ERROR;
				CLANG_WARN_EMPTY_BODY = YES;
				CLANG_WARN_ENUM_CONVERSION = YES;
				CLANG_WARN_INT_CONVERSION = YES;
				CLANG_WARN_OBJC_ROOT_CLASS = YES_ERROR;
				CLANG_WARN_UNREACHABLE_CODE = YES;
				CLANG_WARN__DUPLICATE_METHOD_MATCH = YES;
				"CODE_SIGN_IDENTITY[sdk=iphoneos*]" = "iPhone Developer";
				COPY_PHASE_STRIP = NO;
				DEBUG_INFORMATION_FORMAT = "dwarf-with-dsym";
				ENABLE_NS_ASSERTIONS = NO;
				ENABLE_STRICT_OBJC_MSGSEND = YES;
				GCC_C_LANGUAGE_STANDARD = gnu99;
				GCC_NO_COMMON_BLOCKS = YES;
				GCC_WARN_64_TO_32_BIT_CONVERSION = YES;
				GCC_WARN_ABOUT_RETURN_TYPE = YES_ERROR;
				GCC_WARN_UNDECLARED_SELECTOR = YES;
				GCC_WARN_UNINITIALIZED_AUTOS = YES_AGGRESSIVE;
				GCC_WARN_UNUSED_FUNCTION = YES;
				GCC_WARN_UNUSED_VARIABLE = YES;
				IPHONEOS_DEPLOYMENT_TARGET = 8.3;
				MTL_ENABLE_DEBUG_INFO = NO;
				SDKROOT = iphoneos;
				VALIDATE_PRODUCT = YES;
			};
			name = Release;
		};
		A793A1841B3D783200DCB328 /* Debug */ = {
			isa = XCBuildConfiguration;
			buildSettings = {
				ASSETCATALOG_COMPILER_APPICON_NAME = AppIcon;
				INFOPLIST_FILE = POCCharts/Info.plist;
				LD_RUNPATH_SEARCH_PATHS = "$(inherited) @executable_path/Frameworks";
				PRODUCT_NAME = "$(TARGET_NAME)";
			};
			name = Debug;
		};
		A793A1851B3D783200DCB328 /* Release */ = {
			isa = XCBuildConfiguration;
			buildSettings = {
				ASSETCATALOG_COMPILER_APPICON_NAME = AppIcon;
				INFOPLIST_FILE = POCCharts/Info.plist;
				LD_RUNPATH_SEARCH_PATHS = "$(inherited) @executable_path/Frameworks";
				PRODUCT_NAME = "$(TARGET_NAME)";
			};
			name = Release;
		};
		A793A1871B3D783200DCB328 /* Debug */ = {
			isa = XCBuildConfiguration;
			buildSettings = {
				BUNDLE_LOADER = "$(TEST_HOST)";
				FRAMEWORK_SEARCH_PATHS = (
					"$(SDKROOT)/Developer/Library/Frameworks",
					"$(inherited)",
				);
				GCC_PREPROCESSOR_DEFINITIONS = (
					"DEBUG=1",
					"$(inherited)",
				);
				INFOPLIST_FILE = POCChartsTests/Info.plist;
				LD_RUNPATH_SEARCH_PATHS = "$(inherited) @executable_path/Frameworks @loader_path/Frameworks";
				PRODUCT_NAME = "$(TARGET_NAME)";
				TEST_HOST = "$(BUILT_PRODUCTS_DIR)/POCCharts.app/POCCharts";
			};
			name = Debug;
		};
		A793A1881B3D783200DCB328 /* Release */ = {
			isa = XCBuildConfiguration;
			buildSettings = {
				BUNDLE_LOADER = "$(TEST_HOST)";
				FRAMEWORK_SEARCH_PATHS = (
					"$(SDKROOT)/Developer/Library/Frameworks",
					"$(inherited)",
				);
				INFOPLIST_FILE = POCChartsTests/Info.plist;
				LD_RUNPATH_SEARCH_PATHS = "$(inherited) @executable_path/Frameworks @loader_path/Frameworks";
				PRODUCT_NAME = "$(TARGET_NAME)";
				TEST_HOST = "$(BUILT_PRODUCTS_DIR)/POCCharts.app/POCCharts";
			};
			name = Release;
		};
/* End XCBuildConfiguration section */

/* Begin XCConfigurationList section */
		A793A15F1B3D783200DCB328 /* Build configuration list for PBXProject "POCCharts" */ = {
			isa = XCConfigurationList;
			buildConfigurations = (
				A793A1811B3D783200DCB328 /* Debug */,
				A793A1821B3D783200DCB328 /* Release */,
			);
			defaultConfigurationIsVisible = 0;
			defaultConfigurationName = Release;
		};
		A793A1831B3D783200DCB328 /* Build configuration list for PBXNativeTarget "POCCharts" */ = {
			isa = XCConfigurationList;
			buildConfigurations = (
				A793A1841B3D783200DCB328 /* Debug */,
				A793A1851B3D783200DCB328 /* Release */,
			);
			defaultConfigurationIsVisible = 0;
		};
		A793A1861B3D783200DCB328 /* Build configuration list for PBXNativeTarget "POCChartsTests" */ = {
			isa = XCConfigurationList;
			buildConfigurations = (
				A793A1871B3D783200DCB328 /* Debug */,
				A793A1881B3D783200DCB328 /* Release */,
			);
			defaultConfigurationIsVisible = 0;
		};
/* End XCConfigurationList section */
	};
	rootObject = A793A15C1B3D783200DCB328 /* Project object */;
}
