// !$*UTF8*$!
{
	archiveVersion = 1;
	classes = {
	};
	objectVersion = 46;
	objects = {

/* Begin PBXBuildFile section */
		22684E0B1A1A5B45008A51B2 /* AppDelegate.swift in Sources */ = {isa = PBXBuildFile; fileRef = 22684E0A1A1A5B45008A51B2 /* AppDelegate.swift */; };
		22684E0D1A1A5B45008A51B2 /* ViewController.swift in Sources */ = {isa = PBXBuildFile; fileRef = 22684E0C1A1A5B45008A51B2 /* ViewController.swift */; };
		22684E101A1A5B45008A51B2 /* Main.storyboard in Resources */ = {isa = PBXBuildFile; fileRef = 22684E0E1A1A5B45008A51B2 /* Main.storyboard */; };
		22684E121A1A5B45008A51B2 /* Images.xcassets in Resources */ = {isa = PBXBuildFile; fileRef = 22684E111A1A5B45008A51B2 /* Images.xcassets */; };
		22684E151A1A5B45008A51B2 /* LaunchScreen.xib in Resources */ = {isa = PBXBuildFile; fileRef = 22684E131A1A5B45008A51B2 /* LaunchScreen.xib */; };
		22684E211A1A5B45008A51B2 /* appTests.swift in Sources */ = {isa = PBXBuildFile; fileRef = 22684E201A1A5B45008A51B2 /* appTests.swift */; };
		A7CD90411A1BDD9D00CA2780 /* SMSensor.swift in Sources */ = {isa = PBXBuildFile; fileRef = A7CD90401A1BDD9D00CA2780 /* SMSensor.swift */; };
		A7CD90421A1BDD9D00CA2780 /* SMSensor.swift in Sources */ = {isa = PBXBuildFile; fileRef = A7CD90401A1BDD9D00CA2780 /* SMSensor.swift */; };
/* End PBXBuildFile section */

/* Begin PBXContainerItemProxy section */
		22684E1B1A1A5B45008A51B2 /* PBXContainerItemProxy */ = {
			isa = PBXContainerItemProxy;
			containerPortal = 22684DFD1A1A5B45008A51B2 /* Project object */;
			proxyType = 1;
			remoteGlobalIDString = 22684E041A1A5B45008A51B2;
			remoteInfo = app;
		};
/* End PBXContainerItemProxy section */

/* Begin PBXFileReference section */
		22684E051A1A5B45008A51B2 /* app.app */ = {isa = PBXFileReference; explicitFileType = wrapper.application; includeInIndex = 0; path = app.app; sourceTree = BUILT_PRODUCTS_DIR; };
		22684E091A1A5B45008A51B2 /* Info.plist */ = {isa = PBXFileReference; lastKnownFileType = text.plist.xml; path = Info.plist; sourceTree = "<group>"; };
		22684E0A1A1A5B45008A51B2 /* AppDelegate.swift */ = {isa = PBXFileReference; lastKnownFileType = sourcecode.swift; path = AppDelegate.swift; sourceTree = "<group>"; };
		22684E0C1A1A5B45008A51B2 /* ViewController.swift */ = {isa = PBXFileReference; lastKnownFileType = sourcecode.swift; path = ViewController.swift; sourceTree = "<group>"; };
		22684E0F1A1A5B45008A51B2 /* Base */ = {isa = PBXFileReference; lastKnownFileType = file.storyboard; name = Base; path = Base.lproj/Main.storyboard; sourceTree = "<group>"; };
		22684E111A1A5B45008A51B2 /* Images.xcassets */ = {isa = PBXFileReference; lastKnownFileType = folder.assetcatalog; path = Images.xcassets; sourceTree = "<group>"; };
		22684E141A1A5B45008A51B2 /* Base */ = {isa = PBXFileReference; lastKnownFileType = file.xib; name = Base; path = Base.lproj/LaunchScreen.xib; sourceTree = "<group>"; };
		22684E1A1A1A5B45008A51B2 /* appTests.xctest */ = {isa = PBXFileReference; explicitFileType = wrapper.cfbundle; includeInIndex = 0; path = appTests.xctest; sourceTree = BUILT_PRODUCTS_DIR; };
		22684E1F1A1A5B45008A51B2 /* Info.plist */ = {isa = PBXFileReference; lastKnownFileType = text.plist.xml; path = Info.plist; sourceTree = "<group>"; };
		22684E201A1A5B45008A51B2 /* appTests.swift */ = {isa = PBXFileReference; lastKnownFileType = sourcecode.swift; path = appTests.swift; sourceTree = "<group>"; };
		A7CD90401A1BDD9D00CA2780 /* SMSensor.swift */ = {isa = PBXFileReference; fileEncoding = 4; lastKnownFileType = sourcecode.swift; path = SMSensor.swift; sourceTree = "<group>"; };
/* End PBXFileReference section */

/* Begin PBXFrameworksBuildPhase section */
		22684E021A1A5B45008A51B2 /* Frameworks */ = {
			isa = PBXFrameworksBuildPhase;
			buildActionMask = 2147483647;
			files = (
			);
			runOnlyForDeploymentPostprocessing = 0;
		};
		22684E171A1A5B45008A51B2 /* Frameworks */ = {
			isa = PBXFrameworksBuildPhase;
			buildActionMask = 2147483647;
			files = (
			);
			runOnlyForDeploymentPostprocessing = 0;
		};
/* End PBXFrameworksBuildPhase section */

/* Begin PBXGroup section */
		22684DFC1A1A5B45008A51B2 = {
			isa = PBXGroup;
			children = (
				22684E071A1A5B45008A51B2 /* app */,
				22684E1D1A1A5B45008A51B2 /* appTests */,
				22684E061A1A5B45008A51B2 /* Products */,
			);
			sourceTree = "<group>";
		};
		22684E061A1A5B45008A51B2 /* Products */ = {
			isa = PBXGroup;
			children = (
				22684E051A1A5B45008A51B2 /* app.app */,
				22684E1A1A1A5B45008A51B2 /* appTests.xctest */,
			);
			name = Products;
			sourceTree = "<group>";
		};
		22684E071A1A5B45008A51B2 /* app */ = {
			isa = PBXGroup;
			children = (
				22684E0A1A1A5B45008A51B2 /* AppDelegate.swift */,
				22684E0C1A1A5B45008A51B2 /* ViewController.swift */,
				22684E0E1A1A5B45008A51B2 /* Main.storyboard */,
				22684E111A1A5B45008A51B2 /* Images.xcassets */,
				22684E131A1A5B45008A51B2 /* LaunchScreen.xib */,
				A7CD90401A1BDD9D00CA2780 /* SMSensor.swift */,
				22684E081A1A5B45008A51B2 /* Supporting Files */,
			);
			path = app;
			sourceTree = "<group>";
		};
		22684E081A1A5B45008A51B2 /* Supporting Files */ = {
			isa = PBXGroup;
			children = (
				22684E091A1A5B45008A51B2 /* Info.plist */,
			);
			name = "Supporting Files";
			sourceTree = "<group>";
		};
		22684E1D1A1A5B45008A51B2 /* appTests */ = {
			isa = PBXGroup;
			children = (
				22684E201A1A5B45008A51B2 /* appTests.swift */,
				22684E1E1A1A5B45008A51B2 /* Supporting Files */,
			);
			path = appTests;
			sourceTree = "<group>";
		};
		22684E1E1A1A5B45008A51B2 /* Supporting Files */ = {
			isa = PBXGroup;
			children = (
				22684E1F1A1A5B45008A51B2 /* Info.plist */,
			);
			name = "Supporting Files";
			sourceTree = "<group>";
		};
/* End PBXGroup section */

/* Begin PBXNativeTarget section */
		22684E041A1A5B45008A51B2 /* app */ = {
			isa = PBXNativeTarget;
			buildConfigurationList = 22684E241A1A5B45008A51B2 /* Build configuration list for PBXNativeTarget "app" */;
			buildPhases = (
				22684E011A1A5B45008A51B2 /* Sources */,
				22684E021A1A5B45008A51B2 /* Frameworks */,
				22684E031A1A5B45008A51B2 /* Resources */,
			);
			buildRules = (
			);
			dependencies = (
			);
			name = app;
			productName = app;
			productReference = 22684E051A1A5B45008A51B2 /* app.app */;
			productType = "com.apple.product-type.application";
		};
		22684E191A1A5B45008A51B2 /* appTests */ = {
			isa = PBXNativeTarget;
			buildConfigurationList = 22684E271A1A5B45008A51B2 /* Build configuration list for PBXNativeTarget "appTests" */;
			buildPhases = (
				22684E161A1A5B45008A51B2 /* Sources */,
				22684E171A1A5B45008A51B2 /* Frameworks */,
				22684E181A1A5B45008A51B2 /* Resources */,
			);
			buildRules = (
			);
			dependencies = (
				22684E1C1A1A5B45008A51B2 /* PBXTargetDependency */,
			);
			name = appTests;
			productName = appTests;
			productReference = 22684E1A1A1A5B45008A51B2 /* appTests.xctest */;
			productType = "com.apple.product-type.bundle.unit-test";
		};
/* End PBXNativeTarget section */

/* Begin PBXProject section */
		22684DFD1A1A5B45008A51B2 /* Project object */ = {
			isa = PBXProject;
			attributes = {
				LastUpgradeCheck = 0610;
				ORGANIZATIONNAME = "RIEUX Alexandre";
				TargetAttributes = {
					22684E041A1A5B45008A51B2 = {
						CreatedOnToolsVersion = 6.1;
					};
					22684E191A1A5B45008A51B2 = {
						CreatedOnToolsVersion = 6.1;
						TestTargetID = 22684E041A1A5B45008A51B2;
					};
				};
			};
			buildConfigurationList = 22684E001A1A5B45008A51B2 /* Build configuration list for PBXProject "app" */;
			compatibilityVersion = "Xcode 3.2";
			developmentRegion = English;
			hasScannedForEncodings = 0;
			knownRegions = (
				en,
				Base,
			);
			mainGroup = 22684DFC1A1A5B45008A51B2;
			productRefGroup = 22684E061A1A5B45008A51B2 /* Products */;
			projectDirPath = "";
			projectRoot = "";
			targets = (
				22684E041A1A5B45008A51B2 /* app */,
				22684E191A1A5B45008A51B2 /* appTests */,
			);
		};
/* End PBXProject section */

/* Begin PBXResourcesBuildPhase section */
		22684E031A1A5B45008A51B2 /* Resources */ = {
			isa = PBXResourcesBuildPhase;
			buildActionMask = 2147483647;
			files = (
				22684E101A1A5B45008A51B2 /* Main.storyboard in Resources */,
				22684E151A1A5B45008A51B2 /* LaunchScreen.xib in Resources */,
				22684E121A1A5B45008A51B2 /* Images.xcassets in Resources */,
			);
			runOnlyForDeploymentPostprocessing = 0;
		};
		22684E181A1A5B45008A51B2 /* Resources */ = {
			isa = PBXResourcesBuildPhase;
			buildActionMask = 2147483647;
			files = (
			);
			runOnlyForDeploymentPostprocessing = 0;
		};
/* End PBXResourcesBuildPhase section */

/* Begin PBXSourcesBuildPhase section */
		22684E011A1A5B45008A51B2 /* Sources */ = {
			isa = PBXSourcesBuildPhase;
			buildActionMask = 2147483647;
			files = (
				22684E0D1A1A5B45008A51B2 /* ViewController.swift in Sources */,
				22684E0B1A1A5B45008A51B2 /* AppDelegate.swift in Sources */,
				A7CD90411A1BDD9D00CA2780 /* SMSensor.swift in Sources */,
			);
			runOnlyForDeploymentPostprocessing = 0;
		};
		22684E161A1A5B45008A51B2 /* Sources */ = {
			isa = PBXSourcesBuildPhase;
			buildActionMask = 2147483647;
			files = (
				22684E211A1A5B45008A51B2 /* appTests.swift in Sources */,
				A7CD90421A1BDD9D00CA2780 /* SMSensor.swift in Sources */,
			);
			runOnlyForDeploymentPostprocessing = 0;
		};
/* End PBXSourcesBuildPhase section */

/* Begin PBXTargetDependency section */
		22684E1C1A1A5B45008A51B2 /* PBXTargetDependency */ = {
			isa = PBXTargetDependency;
			target = 22684E041A1A5B45008A51B2 /* app */;
			targetProxy = 22684E1B1A1A5B45008A51B2 /* PBXContainerItemProxy */;
		};
/* End PBXTargetDependency section */

/* Begin PBXVariantGroup section */
		22684E0E1A1A5B45008A51B2 /* Main.storyboard */ = {
			isa = PBXVariantGroup;
			children = (
				22684E0F1A1A5B45008A51B2 /* Base */,
			);
			name = Main.storyboard;
			sourceTree = "<group>";
		};
		22684E131A1A5B45008A51B2 /* LaunchScreen.xib */ = {
			isa = PBXVariantGroup;
			children = (
				22684E141A1A5B45008A51B2 /* Base */,
			);
			name = LaunchScreen.xib;
			sourceTree = "<group>";
		};
/* End PBXVariantGroup section */

/* Begin XCBuildConfiguration section */
		22684E221A1A5B45008A51B2 /* Debug */ = {
			isa = XCBuildConfiguration;
			buildSettings = {
				ALWAYS_SEARCH_USER_PATHS = NO;
				CLANG_CXX_LANGUAGE_STANDARD = "gnu++0x";
				CLANG_CXX_LIBRARY = "libc++";
				CLANG_ENABLE_MODULES = YES;
				CLANG_ENABLE_OBJC_ARC = YES;
				CLANG_WARN_BOOL_CONVERSION = YES;
				CLANG_WARN_CONSTANT_CONVERSION = YES;
				CLANG_WARN_DIRECT_OBJC_ISA_USAGE = YES_ERROR;
				CLANG_WARN_EMPTY_BODY = YES;
				CLANG_WARN_ENUM_CONVERSION = YES;
				CLANG_WARN_INT_CONVERSION = YES;
				CLANG_WARN_OBJC_ROOT_CLASS = YES_ERROR;
				CLANG_WARN_UNREACHABLE_CODE = YES;
				CLANG_WARN__DUPLICATE_METHOD_MATCH = YES;
				"CODE_SIGN_IDENTITY[sdk=iphoneos*]" = "iPhone Developer";
				COPY_PHASE_STRIP = NO;
				ENABLE_STRICT_OBJC_MSGSEND = YES;
				GCC_C_LANGUAGE_STANDARD = gnu99;
				GCC_DYNAMIC_NO_PIC = NO;
				GCC_OPTIMIZATION_LEVEL = 0;
				GCC_PREPROCESSOR_DEFINITIONS = (
					"DEBUG=1",
					"$(inherited)",
				);
				GCC_SYMBOLS_PRIVATE_EXTERN = NO;
				GCC_WARN_64_TO_32_BIT_CONVERSION = YES;
				GCC_WARN_ABOUT_RETURN_TYPE = YES_ERROR;
				GCC_WARN_UNDECLARED_SELECTOR = YES;
				GCC_WARN_UNINITIALIZED_AUTOS = YES_AGGRESSIVE;
				GCC_WARN_UNUSED_FUNCTION = YES;
				GCC_WARN_UNUSED_VARIABLE = YES;
				IPHONEOS_DEPLOYMENT_TARGET = 8.1;
				MTL_ENABLE_DEBUG_INFO = YES;
				ONLY_ACTIVE_ARCH = YES;
				SDKROOT = iphoneos;
				SWIFT_OPTIMIZATION_LEVEL = "-Onone";
			};
			name = Debug;
		};
		22684E231A1A5B45008A51B2 /* Release */ = {
			isa = XCBuildConfiguration;
			buildSettings = {
				ALWAYS_SEARCH_USER_PATHS = NO;
				CLANG_CXX_LANGUAGE_STANDARD = "gnu++0x";
				CLANG_CXX_LIBRARY = "libc++";
				CLANG_ENABLE_MODULES = YES;
				CLANG_ENABLE_OBJC_ARC = YES;
				CLANG_WARN_BOOL_CONVERSION = YES;
				CLANG_WARN_CONSTANT_CONVERSION = YES;
				CLANG_WARN_DIRECT_OBJC_ISA_USAGE = YES_ERROR;
				CLANG_WARN_EMPTY_BODY = YES;
				CLANG_WARN_ENUM_CONVERSION = YES;
				CLANG_WARN_INT_CONVERSION = YES;
				CLANG_WARN_OBJC_ROOT_CLASS = YES_ERROR;
				CLANG_WARN_UNREACHABLE_CODE = YES;
				CLANG_WARN__DUPLICATE_METHOD_MATCH = YES;
				"CODE_SIGN_IDENTITY[sdk=iphoneos*]" = "iPhone Developer";
				COPY_PHASE_STRIP = YES;
				ENABLE_NS_ASSERTIONS = NO;
				ENABLE_STRICT_OBJC_MSGSEND = YES;
				GCC_C_LANGUAGE_STANDARD = gnu99;
				GCC_WARN_64_TO_32_BIT_CONVERSION = YES;
				GCC_WARN_ABOUT_RETURN_TYPE = YES_ERROR;
				GCC_WARN_UNDECLARED_SELECTOR = YES;
				GCC_WARN_UNINITIALIZED_AUTOS = YES_AGGRESSIVE;
				GCC_WARN_UNUSED_FUNCTION = YES;
				GCC_WARN_UNUSED_VARIABLE = YES;
				IPHONEOS_DEPLOYMENT_TARGET = 8.1;
				MTL_ENABLE_DEBUG_INFO = NO;
				SDKROOT = iphoneos;
				VALIDATE_PRODUCT = YES;
			};
			name = Release;
		};
		22684E251A1A5B45008A51B2 /* Debug */ = {
			isa = XCBuildConfiguration;
			buildSettings = {
				ASSETCATALOG_COMPILER_APPICON_NAME = AppIcon;
				INFOPLIST_FILE = app/Info.plist;
				LD_RUNPATH_SEARCH_PATHS = "$(inherited) @executable_path/Frameworks";
				PRODUCT_NAME = "$(TARGET_NAME)";
			};
			name = Debug;
		};
		22684E261A1A5B45008A51B2 /* Release */ = {
			isa = XCBuildConfiguration;
			buildSettings = {
				ASSETCATALOG_COMPILER_APPICON_NAME = AppIcon;
				INFOPLIST_FILE = app/Info.plist;
				LD_RUNPATH_SEARCH_PATHS = "$(inherited) @executable_path/Frameworks";
				PRODUCT_NAME = "$(TARGET_NAME)";
			};
			name = Release;
		};
		22684E281A1A5B45008A51B2 /* Debug */ = {
			isa = XCBuildConfiguration;
			buildSettings = {
				BUNDLE_LOADER = "$(TEST_HOST)";
				FRAMEWORK_SEARCH_PATHS = (
					"$(SDKROOT)/Developer/Library/Frameworks",
					"$(inherited)",
				);
				GCC_PREPROCESSOR_DEFINITIONS = (
					"DEBUG=1",
					"$(inherited)",
				);
				INFOPLIST_FILE = appTests/Info.plist;
				LD_RUNPATH_SEARCH_PATHS = "$(inherited) @executable_path/Frameworks @loader_path/Frameworks";
				PRODUCT_NAME = "$(TARGET_NAME)";
				TEST_HOST = "$(BUILT_PRODUCTS_DIR)/app.app/app";
			};
			name = Debug;
		};
		22684E291A1A5B45008A51B2 /* Release */ = {
			isa = XCBuildConfiguration;
			buildSettings = {
				BUNDLE_LOADER = "$(TEST_HOST)";
				FRAMEWORK_SEARCH_PATHS = (
					"$(SDKROOT)/Developer/Library/Frameworks",
					"$(inherited)",
				);
				INFOPLIST_FILE = appTests/Info.plist;
				LD_RUNPATH_SEARCH_PATHS = "$(inherited) @executable_path/Frameworks @loader_path/Frameworks";
				PRODUCT_NAME = "$(TARGET_NAME)";
				TEST_HOST = "$(BUILT_PRODUCTS_DIR)/app.app/app";
			};
			name = Release;
		};
/* End XCBuildConfiguration section */

/* Begin XCConfigurationList section */
		22684E001A1A5B45008A51B2 /* Build configuration list for PBXProject "app" */ = {
			isa = XCConfigurationList;
			buildConfigurations = (
				22684E221A1A5B45008A51B2 /* Debug */,
				22684E231A1A5B45008A51B2 /* Release */,
			);
			defaultConfigurationIsVisible = 0;
			defaultConfigurationName = Release;
		};
		22684E241A1A5B45008A51B2 /* Build configuration list for PBXNativeTarget "app" */ = {
			isa = XCConfigurationList;
			buildConfigurations = (
				22684E251A1A5B45008A51B2 /* Debug */,
				22684E261A1A5B45008A51B2 /* Release */,
			);
			defaultConfigurationIsVisible = 0;
			defaultConfigurationName = Release;
		};
		22684E271A1A5B45008A51B2 /* Build configuration list for PBXNativeTarget "appTests" */ = {
			isa = XCConfigurationList;
			buildConfigurations = (
				22684E281A1A5B45008A51B2 /* Debug */,
				22684E291A1A5B45008A51B2 /* Release */,
			);
			defaultConfigurationIsVisible = 0;
			defaultConfigurationName = Release;
		};
/* End XCConfigurationList section */
	};
	rootObject = 22684DFD1A1A5B45008A51B2 /* Project object */;
}
