// !$*UTF8*$!
{
	archiveVersion = 1;
	classes = {
	};
	objectVersion = 46;
	objects = {

/* Begin PBXBuildFile section */
		A73B8F911B3BE7C400253736 /* main.m in Sources */ = {isa = PBXBuildFile; fileRef = A73B8F901B3BE7C400253736 /* main.m */; };
		A73B8F941B3BE7C400253736 /* AppDelegate.m in Sources */ = {isa = PBXBuildFile; fileRef = A73B8F931B3BE7C400253736 /* AppDelegate.m */; };
		A73B8F971B3BE7C400253736 /* ViewController.m in Sources */ = {isa = PBXBuildFile; fileRef = A73B8F961B3BE7C400253736 /* ViewController.m */; };
		A73B8F9A1B3BE7C400253736 /* Main.storyboard in Resources */ = {isa = PBXBuildFile; fileRef = A73B8F981B3BE7C400253736 /* Main.storyboard */; };
		A73B8F9C1B3BE7C400253736 /* Images.xcassets in Resources */ = {isa = PBXBuildFile; fileRef = A73B8F9B1B3BE7C400253736 /* Images.xcassets */; };
		A73B8F9F1B3BE7C400253736 /* LaunchScreen.xib in Resources */ = {isa = PBXBuildFile; fileRef = A73B8F9D1B3BE7C400253736 /* LaunchScreen.xib */; };
		A73B8FAB1B3BE7C400253736 /* POC_ChartsTests.m in Sources */ = {isa = PBXBuildFile; fileRef = A73B8FAA1B3BE7C400253736 /* POC_ChartsTests.m */; };
/* End PBXBuildFile section */

/* Begin PBXContainerItemProxy section */
		A73B8FA51B3BE7C400253736 /* PBXContainerItemProxy */ = {
			isa = PBXContainerItemProxy;
			containerPortal = A73B8F831B3BE7C400253736 /* Project object */;
			proxyType = 1;
			remoteGlobalIDString = A73B8F8A1B3BE7C400253736;
			remoteInfo = POC_Charts;
		};
/* End PBXContainerItemProxy section */

/* Begin PBXFileReference section */
		A73B8F8B1B3BE7C400253736 /* POC_Charts.app */ = {isa = PBXFileReference; explicitFileType = wrapper.application; includeInIndex = 0; path = POC_Charts.app; sourceTree = BUILT_PRODUCTS_DIR; };
		A73B8F8F1B3BE7C400253736 /* Info.plist */ = {isa = PBXFileReference; lastKnownFileType = text.plist.xml; path = Info.plist; sourceTree = "<group>"; };
		A73B8F901B3BE7C400253736 /* main.m */ = {isa = PBXFileReference; lastKnownFileType = sourcecode.c.objc; path = main.m; sourceTree = "<group>"; };
		A73B8F921B3BE7C400253736 /* AppDelegate.h */ = {isa = PBXFileReference; lastKnownFileType = sourcecode.c.h; path = AppDelegate.h; sourceTree = "<group>"; };
		A73B8F931B3BE7C400253736 /* AppDelegate.m */ = {isa = PBXFileReference; lastKnownFileType = sourcecode.c.objc; path = AppDelegate.m; sourceTree = "<group>"; };
		A73B8F951B3BE7C400253736 /* ViewController.h */ = {isa = PBXFileReference; lastKnownFileType = sourcecode.c.h; path = ViewController.h; sourceTree = "<group>"; };
		A73B8F961B3BE7C400253736 /* ViewController.m */ = {isa = PBXFileReference; lastKnownFileType = sourcecode.c.objc; path = ViewController.m; sourceTree = "<group>"; };
		A73B8F991B3BE7C400253736 /* Base */ = {isa = PBXFileReference; lastKnownFileType = file.storyboard; name = Base; path = Base.lproj/Main.storyboard; sourceTree = "<group>"; };
		A73B8F9B1B3BE7C400253736 /* Images.xcassets */ = {isa = PBXFileReference; lastKnownFileType = folder.assetcatalog; path = Images.xcassets; sourceTree = "<group>"; };
		A73B8F9E1B3BE7C400253736 /* Base */ = {isa = PBXFileReference; lastKnownFileType = file.xib; name = Base; path = Base.lproj/LaunchScreen.xib; sourceTree = "<group>"; };
		A73B8FA41B3BE7C400253736 /* POC_ChartsTests.xctest */ = {isa = PBXFileReference; explicitFileType = wrapper.cfbundle; includeInIndex = 0; path = POC_ChartsTests.xctest; sourceTree = BUILT_PRODUCTS_DIR; };
		A73B8FA91B3BE7C400253736 /* Info.plist */ = {isa = PBXFileReference; lastKnownFileType = text.plist.xml; path = Info.plist; sourceTree = "<group>"; };
		A73B8FAA1B3BE7C400253736 /* POC_ChartsTests.m */ = {isa = PBXFileReference; lastKnownFileType = sourcecode.c.objc; path = POC_ChartsTests.m; sourceTree = "<group>"; };
/* End PBXFileReference section */

/* Begin PBXFrameworksBuildPhase section */
		A73B8F881B3BE7C400253736 /* Frameworks */ = {
			isa = PBXFrameworksBuildPhase;
			buildActionMask = 2147483647;
			files = (
			);
			runOnlyForDeploymentPostprocessing = 0;
		};
		A73B8FA11B3BE7C400253736 /* Frameworks */ = {
			isa = PBXFrameworksBuildPhase;
			buildActionMask = 2147483647;
			files = (
			);
			runOnlyForDeploymentPostprocessing = 0;
		};
/* End PBXFrameworksBuildPhase section */

/* Begin PBXGroup section */
		A73B8F821B3BE7C400253736 = {
			isa = PBXGroup;
			children = (
				A73B8F8D1B3BE7C400253736 /* POC_Charts */,
				A73B8FA71B3BE7C400253736 /* POC_ChartsTests */,
				A73B8F8C1B3BE7C400253736 /* Products */,
			);
			sourceTree = "<group>";
		};
		A73B8F8C1B3BE7C400253736 /* Products */ = {
			isa = PBXGroup;
			children = (
				A73B8F8B1B3BE7C400253736 /* POC_Charts.app */,
				A73B8FA41B3BE7C400253736 /* POC_ChartsTests.xctest */,
			);
			name = Products;
			sourceTree = "<group>";
		};
		A73B8F8D1B3BE7C400253736 /* POC_Charts */ = {
			isa = PBXGroup;
			children = (
				A73B8F921B3BE7C400253736 /* AppDelegate.h */,
				A73B8F931B3BE7C400253736 /* AppDelegate.m */,
				A73B8F951B3BE7C400253736 /* ViewController.h */,
				A73B8F961B3BE7C400253736 /* ViewController.m */,
				A73B8F981B3BE7C400253736 /* Main.storyboard */,
				A73B8F9B1B3BE7C400253736 /* Images.xcassets */,
				A73B8F9D1B3BE7C400253736 /* LaunchScreen.xib */,
				A73B8F8E1B3BE7C400253736 /* Supporting Files */,
			);
			path = POC_Charts;
			sourceTree = "<group>";
		};
		A73B8F8E1B3BE7C400253736 /* Supporting Files */ = {
			isa = PBXGroup;
			children = (
				A73B8F8F1B3BE7C400253736 /* Info.plist */,
				A73B8F901B3BE7C400253736 /* main.m */,
			);
			name = "Supporting Files";
			sourceTree = "<group>";
		};
		A73B8FA71B3BE7C400253736 /* POC_ChartsTests */ = {
			isa = PBXGroup;
			children = (
				A73B8FAA1B3BE7C400253736 /* POC_ChartsTests.m */,
				A73B8FA81B3BE7C400253736 /* Supporting Files */,
			);
			path = POC_ChartsTests;
			sourceTree = "<group>";
		};
		A73B8FA81B3BE7C400253736 /* Supporting Files */ = {
			isa = PBXGroup;
			children = (
				A73B8FA91B3BE7C400253736 /* Info.plist */,
			);
			name = "Supporting Files";
			sourceTree = "<group>";
		};
/* End PBXGroup section */

/* Begin PBXNativeTarget section */
		A73B8F8A1B3BE7C400253736 /* POC_Charts */ = {
			isa = PBXNativeTarget;
			buildConfigurationList = A73B8FAE1B3BE7C400253736 /* Build configuration list for PBXNativeTarget "POC_Charts" */;
			buildPhases = (
				A73B8F871B3BE7C400253736 /* Sources */,
				A73B8F881B3BE7C400253736 /* Frameworks */,
				A73B8F891B3BE7C400253736 /* Resources */,
			);
			buildRules = (
			);
			dependencies = (
			);
			name = POC_Charts;
			productName = POC_Charts;
			productReference = A73B8F8B1B3BE7C400253736 /* POC_Charts.app */;
			productType = "com.apple.product-type.application";
		};
		A73B8FA31B3BE7C400253736 /* POC_ChartsTests */ = {
			isa = PBXNativeTarget;
			buildConfigurationList = A73B8FB11B3BE7C400253736 /* Build configuration list for PBXNativeTarget "POC_ChartsTests" */;
			buildPhases = (
				A73B8FA01B3BE7C400253736 /* Sources */,
				A73B8FA11B3BE7C400253736 /* Frameworks */,
				A73B8FA21B3BE7C400253736 /* Resources */,
			);
			buildRules = (
			);
			dependencies = (
				A73B8FA61B3BE7C400253736 /* PBXTargetDependency */,
			);
			name = POC_ChartsTests;
			productName = POC_ChartsTests;
			productReference = A73B8FA41B3BE7C400253736 /* POC_ChartsTests.xctest */;
			productType = "com.apple.product-type.bundle.unit-test";
		};
/* End PBXNativeTarget section */

/* Begin PBXProject section */
		A73B8F831B3BE7C400253736 /* Project object */ = {
			isa = PBXProject;
			attributes = {
				LastUpgradeCheck = 0630;
				ORGANIZATIONNAME = Sensmove;
				TargetAttributes = {
					A73B8F8A1B3BE7C400253736 = {
						CreatedOnToolsVersion = 6.3.2;
					};
					A73B8FA31B3BE7C400253736 = {
						CreatedOnToolsVersion = 6.3.2;
						TestTargetID = A73B8F8A1B3BE7C400253736;
					};
				};
			};
			buildConfigurationList = A73B8F861B3BE7C400253736 /* Build configuration list for PBXProject "POC_Charts" */;
			compatibilityVersion = "Xcode 3.2";
			developmentRegion = English;
			hasScannedForEncodings = 0;
			knownRegions = (
				en,
				Base,
			);
			mainGroup = A73B8F821B3BE7C400253736;
			productRefGroup = A73B8F8C1B3BE7C400253736 /* Products */;
			projectDirPath = "";
			projectRoot = "";
			targets = (
				A73B8F8A1B3BE7C400253736 /* POC_Charts */,
				A73B8FA31B3BE7C400253736 /* POC_ChartsTests */,
			);
		};
/* End PBXProject section */

/* Begin PBXResourcesBuildPhase section */
		A73B8F891B3BE7C400253736 /* Resources */ = {
			isa = PBXResourcesBuildPhase;
			buildActionMask = 2147483647;
			files = (
				A73B8F9A1B3BE7C400253736 /* Main.storyboard in Resources */,
				A73B8F9F1B3BE7C400253736 /* LaunchScreen.xib in Resources */,
				A73B8F9C1B3BE7C400253736 /* Images.xcassets in Resources */,
			);
			runOnlyForDeploymentPostprocessing = 0;
		};
		A73B8FA21B3BE7C400253736 /* Resources */ = {
			isa = PBXResourcesBuildPhase;
			buildActionMask = 2147483647;
			files = (
			);
			runOnlyForDeploymentPostprocessing = 0;
		};
/* End PBXResourcesBuildPhase section */

/* Begin PBXSourcesBuildPhase section */
		A73B8F871B3BE7C400253736 /* Sources */ = {
			isa = PBXSourcesBuildPhase;
			buildActionMask = 2147483647;
			files = (
				A73B8F971B3BE7C400253736 /* ViewController.m in Sources */,
				A73B8F941B3BE7C400253736 /* AppDelegate.m in Sources */,
				A73B8F911B3BE7C400253736 /* main.m in Sources */,
			);
			runOnlyForDeploymentPostprocessing = 0;
		};
		A73B8FA01B3BE7C400253736 /* Sources */ = {
			isa = PBXSourcesBuildPhase;
			buildActionMask = 2147483647;
			files = (
				A73B8FAB1B3BE7C400253736 /* POC_ChartsTests.m in Sources */,
			);
			runOnlyForDeploymentPostprocessing = 0;
		};
/* End PBXSourcesBuildPhase section */

/* Begin PBXTargetDependency section */
		A73B8FA61B3BE7C400253736 /* PBXTargetDependency */ = {
			isa = PBXTargetDependency;
			target = A73B8F8A1B3BE7C400253736 /* POC_Charts */;
			targetProxy = A73B8FA51B3BE7C400253736 /* PBXContainerItemProxy */;
		};
/* End PBXTargetDependency section */

/* Begin PBXVariantGroup section */
		A73B8F981B3BE7C400253736 /* Main.storyboard */ = {
			isa = PBXVariantGroup;
			children = (
				A73B8F991B3BE7C400253736 /* Base */,
			);
			name = Main.storyboard;
			sourceTree = "<group>";
		};
		A73B8F9D1B3BE7C400253736 /* LaunchScreen.xib */ = {
			isa = PBXVariantGroup;
			children = (
				A73B8F9E1B3BE7C400253736 /* Base */,
			);
			name = LaunchScreen.xib;
			sourceTree = "<group>";
		};
/* End PBXVariantGroup section */

/* Begin XCBuildConfiguration section */
		A73B8FAC1B3BE7C400253736 /* Debug */ = {
			isa = XCBuildConfiguration;
			buildSettings = {
				ALWAYS_SEARCH_USER_PATHS = NO;
				CLANG_CXX_LANGUAGE_STANDARD = "gnu++0x";
				CLANG_CXX_LIBRARY = "libc++";
				CLANG_ENABLE_MODULES = YES;
				CLANG_ENABLE_OBJC_ARC = YES;
				CLANG_WARN_BOOL_CONVERSION = YES;
				CLANG_WARN_CONSTANT_CONVERSION = YES;
				CLANG_WARN_DIRECT_OBJC_ISA_USAGE = YES_ERROR;
				CLANG_WARN_EMPTY_BODY = YES;
				CLANG_WARN_ENUM_CONVERSION = YES;
				CLANG_WARN_INT_CONVERSION = YES;
				CLANG_WARN_OBJC_ROOT_CLASS = YES_ERROR;
				CLANG_WARN_UNREACHABLE_CODE = YES;
				CLANG_WARN__DUPLICATE_METHOD_MATCH = YES;
				"CODE_SIGN_IDENTITY[sdk=iphoneos*]" = "iPhone Developer";
				COPY_PHASE_STRIP = NO;
				DEBUG_INFORMATION_FORMAT = "dwarf-with-dsym";
				ENABLE_STRICT_OBJC_MSGSEND = YES;
				GCC_C_LANGUAGE_STANDARD = gnu99;
				GCC_DYNAMIC_NO_PIC = NO;
				GCC_NO_COMMON_BLOCKS = YES;
				GCC_OPTIMIZATION_LEVEL = 0;
				GCC_PREPROCESSOR_DEFINITIONS = (
					"DEBUG=1",
					"$(inherited)",
				);
				GCC_SYMBOLS_PRIVATE_EXTERN = NO;
				GCC_WARN_64_TO_32_BIT_CONVERSION = YES;
				GCC_WARN_ABOUT_RETURN_TYPE = YES_ERROR;
				GCC_WARN_UNDECLARED_SELECTOR = YES;
				GCC_WARN_UNINITIALIZED_AUTOS = YES_AGGRESSIVE;
				GCC_WARN_UNUSED_FUNCTION = YES;
				GCC_WARN_UNUSED_VARIABLE = YES;
				IPHONEOS_DEPLOYMENT_TARGET = 8.3;
				MTL_ENABLE_DEBUG_INFO = YES;
				ONLY_ACTIVE_ARCH = YES;
				SDKROOT = iphoneos;
			};
			name = Debug;
		};
		A73B8FAD1B3BE7C400253736 /* Release */ = {
			isa = XCBuildConfiguration;
			buildSettings = {
				ALWAYS_SEARCH_USER_PATHS = NO;
				CLANG_CXX_LANGUAGE_STANDARD = "gnu++0x";
				CLANG_CXX_LIBRARY = "libc++";
				CLANG_ENABLE_MODULES = YES;
				CLANG_ENABLE_OBJC_ARC = YES;
				CLANG_WARN_BOOL_CONVERSION = YES;
				CLANG_WARN_CONSTANT_CONVERSION = YES;
				CLANG_WARN_DIRECT_OBJC_ISA_USAGE = YES_ERROR;
				CLANG_WARN_EMPTY_BODY = YES;
				CLANG_WARN_ENUM_CONVERSION = YES;
				CLANG_WARN_INT_CONVERSION = YES;
				CLANG_WARN_OBJC_ROOT_CLASS = YES_ERROR;
				CLANG_WARN_UNREACHABLE_CODE = YES;
				CLANG_WARN__DUPLICATE_METHOD_MATCH = YES;
				"CODE_SIGN_IDENTITY[sdk=iphoneos*]" = "iPhone Developer";
				COPY_PHASE_STRIP = NO;
				DEBUG_INFORMATION_FORMAT = "dwarf-with-dsym";
				ENABLE_NS_ASSERTIONS = NO;
				ENABLE_STRICT_OBJC_MSGSEND = YES;
				GCC_C_LANGUAGE_STANDARD = gnu99;
				GCC_NO_COMMON_BLOCKS = YES;
				GCC_WARN_64_TO_32_BIT_CONVERSION = YES;
				GCC_WARN_ABOUT_RETURN_TYPE = YES_ERROR;
				GCC_WARN_UNDECLARED_SELECTOR = YES;
				GCC_WARN_UNINITIALIZED_AUTOS = YES_AGGRESSIVE;
				GCC_WARN_UNUSED_FUNCTION = YES;
				GCC_WARN_UNUSED_VARIABLE = YES;
				IPHONEOS_DEPLOYMENT_TARGET = 8.3;
				MTL_ENABLE_DEBUG_INFO = NO;
				SDKROOT = iphoneos;
				VALIDATE_PRODUCT = YES;
			};
			name = Release;
		};
		A73B8FAF1B3BE7C400253736 /* Debug */ = {
			isa = XCBuildConfiguration;
			buildSettings = {
				ASSETCATALOG_COMPILER_APPICON_NAME = AppIcon;
				INFOPLIST_FILE = POC_Charts/Info.plist;
				LD_RUNPATH_SEARCH_PATHS = "$(inherited) @executable_path/Frameworks";
				PRODUCT_NAME = "$(TARGET_NAME)";
			};
			name = Debug;
		};
		A73B8FB01B3BE7C400253736 /* Release */ = {
			isa = XCBuildConfiguration;
			buildSettings = {
				ASSETCATALOG_COMPILER_APPICON_NAME = AppIcon;
				INFOPLIST_FILE = POC_Charts/Info.plist;
				LD_RUNPATH_SEARCH_PATHS = "$(inherited) @executable_path/Frameworks";
				PRODUCT_NAME = "$(TARGET_NAME)";
			};
			name = Release;
		};
		A73B8FB21B3BE7C400253736 /* Debug */ = {
			isa = XCBuildConfiguration;
			buildSettings = {
				BUNDLE_LOADER = "$(TEST_HOST)";
				FRAMEWORK_SEARCH_PATHS = (
					"$(SDKROOT)/Developer/Library/Frameworks",
					"$(inherited)",
				);
				GCC_PREPROCESSOR_DEFINITIONS = (
					"DEBUG=1",
					"$(inherited)",
				);
				INFOPLIST_FILE = POC_ChartsTests/Info.plist;
				LD_RUNPATH_SEARCH_PATHS = "$(inherited) @executable_path/Frameworks @loader_path/Frameworks";
				PRODUCT_NAME = "$(TARGET_NAME)";
				TEST_HOST = "$(BUILT_PRODUCTS_DIR)/POC_Charts.app/POC_Charts";
			};
			name = Debug;
		};
		A73B8FB31B3BE7C400253736 /* Release */ = {
			isa = XCBuildConfiguration;
			buildSettings = {
				BUNDLE_LOADER = "$(TEST_HOST)";
				FRAMEWORK_SEARCH_PATHS = (
					"$(SDKROOT)/Developer/Library/Frameworks",
					"$(inherited)",
				);
				INFOPLIST_FILE = POC_ChartsTests/Info.plist;
				LD_RUNPATH_SEARCH_PATHS = "$(inherited) @executable_path/Frameworks @loader_path/Frameworks";
				PRODUCT_NAME = "$(TARGET_NAME)";
				TEST_HOST = "$(BUILT_PRODUCTS_DIR)/POC_Charts.app/POC_Charts";
			};
			name = Release;
		};
/* End XCBuildConfiguration section */

/* Begin XCConfigurationList section */
		A73B8F861B3BE7C400253736 /* Build configuration list for PBXProject "POC_Charts" */ = {
			isa = XCConfigurationList;
			buildConfigurations = (
				A73B8FAC1B3BE7C400253736 /* Debug */,
				A73B8FAD1B3BE7C400253736 /* Release */,
			);
			defaultConfigurationIsVisible = 0;
			defaultConfigurationName = Release;
		};
		A73B8FAE1B3BE7C400253736 /* Build configuration list for PBXNativeTarget "POC_Charts" */ = {
			isa = XCConfigurationList;
			buildConfigurations = (
				A73B8FAF1B3BE7C400253736 /* Debug */,
				A73B8FB01B3BE7C400253736 /* Release */,
			);
			defaultConfigurationIsVisible = 0;
		};
		A73B8FB11B3BE7C400253736 /* Build configuration list for PBXNativeTarget "POC_ChartsTests" */ = {
			isa = XCConfigurationList;
			buildConfigurations = (
				A73B8FB21B3BE7C400253736 /* Debug */,
				A73B8FB31B3BE7C400253736 /* Release */,
			);
			defaultConfigurationIsVisible = 0;
		};
/* End XCConfigurationList section */
	};
	rootObject = A73B8F831B3BE7C400253736 /* Project object */;
}
