// !$*UTF8*$!
{
	archiveVersion = 1;
	classes = {
	};
	objectVersion = 46;
	objects = {

/* Begin PBXBuildFile section */
		A7B621771B3D727B008CEBD4 /* AppDelegate.swift in Sources */ = {isa = PBXBuildFile; fileRef = A7B621761B3D727B008CEBD4 /* AppDelegate.swift */; };
		A7B621791B3D727B008CEBD4 /* ViewController.swift in Sources */ = {isa = PBXBuildFile; fileRef = A7B621781B3D727B008CEBD4 /* ViewController.swift */; };
		A7B6217C1B3D727B008CEBD4 /* Main.storyboard in Resources */ = {isa = PBXBuildFile; fileRef = A7B6217A1B3D727B008CEBD4 /* Main.storyboard */; };
		A7B6217E1B3D727B008CEBD4 /* Images.xcassets in Resources */ = {isa = PBXBuildFile; fileRef = A7B6217D1B3D727B008CEBD4 /* Images.xcassets */; };
		A7B621811B3D727B008CEBD4 /* LaunchScreen.xib in Resources */ = {isa = PBXBuildFile; fileRef = A7B6217F1B3D727B008CEBD4 /* LaunchScreen.xib */; };
		A7B6218D1B3D727B008CEBD4 /* POC_ChartsTests.swift in Sources */ = {isa = PBXBuildFile; fileRef = A7B6218C1B3D727B008CEBD4 /* POC_ChartsTests.swift */; };
/* End PBXBuildFile section */

/* Begin PBXContainerItemProxy section */
		A7B621871B3D727B008CEBD4 /* PBXContainerItemProxy */ = {
			isa = PBXContainerItemProxy;
			containerPortal = A7B621691B3D727B008CEBD4 /* Project object */;
			proxyType = 1;
			remoteGlobalIDString = A7B621701B3D727B008CEBD4;
			remoteInfo = "POC-Charts";
		};
/* End PBXContainerItemProxy section */

/* Begin PBXFileReference section */
		A7B621711B3D727B008CEBD4 /* POC-Charts.app */ = {isa = PBXFileReference; explicitFileType = wrapper.application; includeInIndex = 0; path = "POC-Charts.app"; sourceTree = BUILT_PRODUCTS_DIR; };
		A7B621751B3D727B008CEBD4 /* Info.plist */ = {isa = PBXFileReference; lastKnownFileType = text.plist.xml; path = Info.plist; sourceTree = "<group>"; };
		A7B621761B3D727B008CEBD4 /* AppDelegate.swift */ = {isa = PBXFileReference; lastKnownFileType = sourcecode.swift; path = AppDelegate.swift; sourceTree = "<group>"; };
		A7B621781B3D727B008CEBD4 /* ViewController.swift */ = {isa = PBXFileReference; lastKnownFileType = sourcecode.swift; path = ViewController.swift; sourceTree = "<group>"; };
		A7B6217B1B3D727B008CEBD4 /* Base */ = {isa = PBXFileReference; lastKnownFileType = file.storyboard; name = Base; path = Base.lproj/Main.storyboard; sourceTree = "<group>"; };
		A7B6217D1B3D727B008CEBD4 /* Images.xcassets */ = {isa = PBXFileReference; lastKnownFileType = folder.assetcatalog; path = Images.xcassets; sourceTree = "<group>"; };
		A7B621801B3D727B008CEBD4 /* Base */ = {isa = PBXFileReference; lastKnownFileType = file.xib; name = Base; path = Base.lproj/LaunchScreen.xib; sourceTree = "<group>"; };
		A7B621861B3D727B008CEBD4 /* POC-ChartsTests.xctest */ = {isa = PBXFileReference; explicitFileType = wrapper.cfbundle; includeInIndex = 0; path = "POC-ChartsTests.xctest"; sourceTree = BUILT_PRODUCTS_DIR; };
		A7B6218B1B3D727B008CEBD4 /* Info.plist */ = {isa = PBXFileReference; lastKnownFileType = text.plist.xml; path = Info.plist; sourceTree = "<group>"; };
		A7B6218C1B3D727B008CEBD4 /* POC_ChartsTests.swift */ = {isa = PBXFileReference; lastKnownFileType = sourcecode.swift; path = POC_ChartsTests.swift; sourceTree = "<group>"; };
/* End PBXFileReference section */

/* Begin PBXFrameworksBuildPhase section */
		A7B6216E1B3D727B008CEBD4 /* Frameworks */ = {
			isa = PBXFrameworksBuildPhase;
			buildActionMask = 2147483647;
			files = (
			);
			runOnlyForDeploymentPostprocessing = 0;
		};
		A7B621831B3D727B008CEBD4 /* Frameworks */ = {
			isa = PBXFrameworksBuildPhase;
			buildActionMask = 2147483647;
			files = (
			);
			runOnlyForDeploymentPostprocessing = 0;
		};
/* End PBXFrameworksBuildPhase section */

/* Begin PBXGroup section */
		A7B621681B3D727B008CEBD4 = {
			isa = PBXGroup;
			children = (
				A7B621731B3D727B008CEBD4 /* POC-Charts */,
				A7B621891B3D727B008CEBD4 /* POC-ChartsTests */,
				A7B621721B3D727B008CEBD4 /* Products */,
			);
			sourceTree = "<group>";
		};
		A7B621721B3D727B008CEBD4 /* Products */ = {
			isa = PBXGroup;
			children = (
				A7B621711B3D727B008CEBD4 /* POC-Charts.app */,
				A7B621861B3D727B008CEBD4 /* POC-ChartsTests.xctest */,
			);
			name = Products;
			sourceTree = "<group>";
		};
		A7B621731B3D727B008CEBD4 /* POC-Charts */ = {
			isa = PBXGroup;
			children = (
				A7B621761B3D727B008CEBD4 /* AppDelegate.swift */,
				A7B621781B3D727B008CEBD4 /* ViewController.swift */,
				A7B6217A1B3D727B008CEBD4 /* Main.storyboard */,
				A7B6217D1B3D727B008CEBD4 /* Images.xcassets */,
				A7B6217F1B3D727B008CEBD4 /* LaunchScreen.xib */,
				A7B621741B3D727B008CEBD4 /* Supporting Files */,
			);
			path = "POC-Charts";
			sourceTree = "<group>";
		};
		A7B621741B3D727B008CEBD4 /* Supporting Files */ = {
			isa = PBXGroup;
			children = (
				A7B621751B3D727B008CEBD4 /* Info.plist */,
			);
			name = "Supporting Files";
			sourceTree = "<group>";
		};
		A7B621891B3D727B008CEBD4 /* POC-ChartsTests */ = {
			isa = PBXGroup;
			children = (
				A7B6218C1B3D727B008CEBD4 /* POC_ChartsTests.swift */,
				A7B6218A1B3D727B008CEBD4 /* Supporting Files */,
			);
			path = "POC-ChartsTests";
			sourceTree = "<group>";
		};
		A7B6218A1B3D727B008CEBD4 /* Supporting Files */ = {
			isa = PBXGroup;
			children = (
				A7B6218B1B3D727B008CEBD4 /* Info.plist */,
			);
			name = "Supporting Files";
			sourceTree = "<group>";
		};
/* End PBXGroup section */

/* Begin PBXNativeTarget section */
		A7B621701B3D727B008CEBD4 /* POC-Charts */ = {
			isa = PBXNativeTarget;
			buildConfigurationList = A7B621901B3D727B008CEBD4 /* Build configuration list for PBXNativeTarget "POC-Charts" */;
			buildPhases = (
				A7B6216D1B3D727B008CEBD4 /* Sources */,
				A7B6216E1B3D727B008CEBD4 /* Frameworks */,
				A7B6216F1B3D727B008CEBD4 /* Resources */,
			);
			buildRules = (
			);
			dependencies = (
			);
			name = "POC-Charts";
			productName = "POC-Charts";
			productReference = A7B621711B3D727B008CEBD4 /* POC-Charts.app */;
			productType = "com.apple.product-type.application";
		};
		A7B621851B3D727B008CEBD4 /* POC-ChartsTests */ = {
			isa = PBXNativeTarget;
			buildConfigurationList = A7B621931B3D727B008CEBD4 /* Build configuration list for PBXNativeTarget "POC-ChartsTests" */;
			buildPhases = (
				A7B621821B3D727B008CEBD4 /* Sources */,
				A7B621831B3D727B008CEBD4 /* Frameworks */,
				A7B621841B3D727B008CEBD4 /* Resources */,
			);
			buildRules = (
			);
			dependencies = (
				A7B621881B3D727B008CEBD4 /* PBXTargetDependency */,
			);
			name = "POC-ChartsTests";
			productName = "POC-ChartsTests";
			productReference = A7B621861B3D727B008CEBD4 /* POC-ChartsTests.xctest */;
			productType = "com.apple.product-type.bundle.unit-test";
		};
/* End PBXNativeTarget section */

/* Begin PBXProject section */
		A7B621691B3D727B008CEBD4 /* Project object */ = {
			isa = PBXProject;
			attributes = {
				LastUpgradeCheck = 0630;
				ORGANIZATIONNAME = Sensmove;
				TargetAttributes = {
					A7B621701B3D727B008CEBD4 = {
						CreatedOnToolsVersion = 6.3.2;
					};
					A7B621851B3D727B008CEBD4 = {
						CreatedOnToolsVersion = 6.3.2;
						TestTargetID = A7B621701B3D727B008CEBD4;
					};
				};
			};
			buildConfigurationList = A7B6216C1B3D727B008CEBD4 /* Build configuration list for PBXProject "POC-Charts" */;
			compatibilityVersion = "Xcode 3.2";
			developmentRegion = English;
			hasScannedForEncodings = 0;
			knownRegions = (
				en,
				Base,
			);
			mainGroup = A7B621681B3D727B008CEBD4;
			productRefGroup = A7B621721B3D727B008CEBD4 /* Products */;
			projectDirPath = "";
			projectRoot = "";
			targets = (
				A7B621701B3D727B008CEBD4 /* POC-Charts */,
				A7B621851B3D727B008CEBD4 /* POC-ChartsTests */,
			);
		};
/* End PBXProject section */

/* Begin PBXResourcesBuildPhase section */
		A7B6216F1B3D727B008CEBD4 /* Resources */ = {
			isa = PBXResourcesBuildPhase;
			buildActionMask = 2147483647;
			files = (
				A7B6217C1B3D727B008CEBD4 /* Main.storyboard in Resources */,
				A7B621811B3D727B008CEBD4 /* LaunchScreen.xib in Resources */,
				A7B6217E1B3D727B008CEBD4 /* Images.xcassets in Resources */,
			);
			runOnlyForDeploymentPostprocessing = 0;
		};
		A7B621841B3D727B008CEBD4 /* Resources */ = {
			isa = PBXResourcesBuildPhase;
			buildActionMask = 2147483647;
			files = (
			);
			runOnlyForDeploymentPostprocessing = 0;
		};
/* End PBXResourcesBuildPhase section */

/* Begin PBXSourcesBuildPhase section */
		A7B6216D1B3D727B008CEBD4 /* Sources */ = {
			isa = PBXSourcesBuildPhase;
			buildActionMask = 2147483647;
			files = (
				A7B621791B3D727B008CEBD4 /* ViewController.swift in Sources */,
				A7B621771B3D727B008CEBD4 /* AppDelegate.swift in Sources */,
			);
			runOnlyForDeploymentPostprocessing = 0;
		};
		A7B621821B3D727B008CEBD4 /* Sources */ = {
			isa = PBXSourcesBuildPhase;
			buildActionMask = 2147483647;
			files = (
				A7B6218D1B3D727B008CEBD4 /* POC_ChartsTests.swift in Sources */,
			);
			runOnlyForDeploymentPostprocessing = 0;
		};
/* End PBXSourcesBuildPhase section */

/* Begin PBXTargetDependency section */
		A7B621881B3D727B008CEBD4 /* PBXTargetDependency */ = {
			isa = PBXTargetDependency;
			target = A7B621701B3D727B008CEBD4 /* POC-Charts */;
			targetProxy = A7B621871B3D727B008CEBD4 /* PBXContainerItemProxy */;
		};
/* End PBXTargetDependency section */

/* Begin PBXVariantGroup section */
		A7B6217A1B3D727B008CEBD4 /* Main.storyboard */ = {
			isa = PBXVariantGroup;
			children = (
				A7B6217B1B3D727B008CEBD4 /* Base */,
			);
			name = Main.storyboard;
			sourceTree = "<group>";
		};
		A7B6217F1B3D727B008CEBD4 /* LaunchScreen.xib */ = {
			isa = PBXVariantGroup;
			children = (
				A7B621801B3D727B008CEBD4 /* Base */,
			);
			name = LaunchScreen.xib;
			sourceTree = "<group>";
		};
/* End PBXVariantGroup section */

/* Begin XCBuildConfiguration section */
		A7B6218E1B3D727B008CEBD4 /* Debug */ = {
			isa = XCBuildConfiguration;
			buildSettings = {
				ALWAYS_SEARCH_USER_PATHS = NO;
				CLANG_CXX_LANGUAGE_STANDARD = "gnu++0x";
				CLANG_CXX_LIBRARY = "libc++";
				CLANG_ENABLE_MODULES = YES;
				CLANG_ENABLE_OBJC_ARC = YES;
				CLANG_WARN_BOOL_CONVERSION = YES;
				CLANG_WARN_CONSTANT_CONVERSION = YES;
				CLANG_WARN_DIRECT_OBJC_ISA_USAGE = YES_ERROR;
				CLANG_WARN_EMPTY_BODY = YES;
				CLANG_WARN_ENUM_CONVERSION = YES;
				CLANG_WARN_INT_CONVERSION = YES;
				CLANG_WARN_OBJC_ROOT_CLASS = YES_ERROR;
				CLANG_WARN_UNREACHABLE_CODE = YES;
				CLANG_WARN__DUPLICATE_METHOD_MATCH = YES;
				"CODE_SIGN_IDENTITY[sdk=iphoneos*]" = "iPhone Developer";
				COPY_PHASE_STRIP = NO;
				DEBUG_INFORMATION_FORMAT = "dwarf-with-dsym";
				ENABLE_STRICT_OBJC_MSGSEND = YES;
				GCC_C_LANGUAGE_STANDARD = gnu99;
				GCC_DYNAMIC_NO_PIC = NO;
				GCC_NO_COMMON_BLOCKS = YES;
				GCC_OPTIMIZATION_LEVEL = 0;
				GCC_PREPROCESSOR_DEFINITIONS = (
					"DEBUG=1",
					"$(inherited)",
				);
				GCC_SYMBOLS_PRIVATE_EXTERN = NO;
				GCC_WARN_64_TO_32_BIT_CONVERSION = YES;
				GCC_WARN_ABOUT_RETURN_TYPE = YES_ERROR;
				GCC_WARN_UNDECLARED_SELECTOR = YES;
				GCC_WARN_UNINITIALIZED_AUTOS = YES_AGGRESSIVE;
				GCC_WARN_UNUSED_FUNCTION = YES;
				GCC_WARN_UNUSED_VARIABLE = YES;
				IPHONEOS_DEPLOYMENT_TARGET = 8.3;
				MTL_ENABLE_DEBUG_INFO = YES;
				ONLY_ACTIVE_ARCH = YES;
				SDKROOT = iphoneos;
				SWIFT_OPTIMIZATION_LEVEL = "-Onone";
			};
			name = Debug;
		};
		A7B6218F1B3D727B008CEBD4 /* Release */ = {
			isa = XCBuildConfiguration;
			buildSettings = {
				ALWAYS_SEARCH_USER_PATHS = NO;
				CLANG_CXX_LANGUAGE_STANDARD = "gnu++0x";
				CLANG_CXX_LIBRARY = "libc++";
				CLANG_ENABLE_MODULES = YES;
				CLANG_ENABLE_OBJC_ARC = YES;
				CLANG_WARN_BOOL_CONVERSION = YES;
				CLANG_WARN_CONSTANT_CONVERSION = YES;
				CLANG_WARN_DIRECT_OBJC_ISA_USAGE = YES_ERROR;
				CLANG_WARN_EMPTY_BODY = YES;
				CLANG_WARN_ENUM_CONVERSION = YES;
				CLANG_WARN_INT_CONVERSION = YES;
				CLANG_WARN_OBJC_ROOT_CLASS = YES_ERROR;
				CLANG_WARN_UNREACHABLE_CODE = YES;
				CLANG_WARN__DUPLICATE_METHOD_MATCH = YES;
				"CODE_SIGN_IDENTITY[sdk=iphoneos*]" = "iPhone Developer";
				COPY_PHASE_STRIP = NO;
				DEBUG_INFORMATION_FORMAT = "dwarf-with-dsym";
				ENABLE_NS_ASSERTIONS = NO;
				ENABLE_STRICT_OBJC_MSGSEND = YES;
				GCC_C_LANGUAGE_STANDARD = gnu99;
				GCC_NO_COMMON_BLOCKS = YES;
				GCC_WARN_64_TO_32_BIT_CONVERSION = YES;
				GCC_WARN_ABOUT_RETURN_TYPE = YES_ERROR;
				GCC_WARN_UNDECLARED_SELECTOR = YES;
				GCC_WARN_UNINITIALIZED_AUTOS = YES_AGGRESSIVE;
				GCC_WARN_UNUSED_FUNCTION = YES;
				GCC_WARN_UNUSED_VARIABLE = YES;
				IPHONEOS_DEPLOYMENT_TARGET = 8.3;
				MTL_ENABLE_DEBUG_INFO = NO;
				SDKROOT = iphoneos;
				VALIDATE_PRODUCT = YES;
			};
			name = Release;
		};
		A7B621911B3D727B008CEBD4 /* Debug */ = {
			isa = XCBuildConfiguration;
			buildSettings = {
				ASSETCATALOG_COMPILER_APPICON_NAME = AppIcon;
				INFOPLIST_FILE = "POC-Charts/Info.plist";
				LD_RUNPATH_SEARCH_PATHS = "$(inherited) @executable_path/Frameworks";
				PRODUCT_NAME = "$(TARGET_NAME)";
			};
			name = Debug;
		};
		A7B621921B3D727B008CEBD4 /* Release */ = {
			isa = XCBuildConfiguration;
			buildSettings = {
				ASSETCATALOG_COMPILER_APPICON_NAME = AppIcon;
				INFOPLIST_FILE = "POC-Charts/Info.plist";
				LD_RUNPATH_SEARCH_PATHS = "$(inherited) @executable_path/Frameworks";
				PRODUCT_NAME = "$(TARGET_NAME)";
			};
			name = Release;
		};
		A7B621941B3D727B008CEBD4 /* Debug */ = {
			isa = XCBuildConfiguration;
			buildSettings = {
				BUNDLE_LOADER = "$(TEST_HOST)";
				FRAMEWORK_SEARCH_PATHS = (
					"$(SDKROOT)/Developer/Library/Frameworks",
					"$(inherited)",
				);
				GCC_PREPROCESSOR_DEFINITIONS = (
					"DEBUG=1",
					"$(inherited)",
				);
				INFOPLIST_FILE = "POC-ChartsTests/Info.plist";
				LD_RUNPATH_SEARCH_PATHS = "$(inherited) @executable_path/Frameworks @loader_path/Frameworks";
				PRODUCT_NAME = "$(TARGET_NAME)";
				TEST_HOST = "$(BUILT_PRODUCTS_DIR)/POC-Charts.app/POC-Charts";
			};
			name = Debug;
		};
		A7B621951B3D727B008CEBD4 /* Release */ = {
			isa = XCBuildConfiguration;
			buildSettings = {
				BUNDLE_LOADER = "$(TEST_HOST)";
				FRAMEWORK_SEARCH_PATHS = (
					"$(SDKROOT)/Developer/Library/Frameworks",
					"$(inherited)",
				);
				INFOPLIST_FILE = "POC-ChartsTests/Info.plist";
				LD_RUNPATH_SEARCH_PATHS = "$(inherited) @executable_path/Frameworks @loader_path/Frameworks";
				PRODUCT_NAME = "$(TARGET_NAME)";
				TEST_HOST = "$(BUILT_PRODUCTS_DIR)/POC-Charts.app/POC-Charts";
			};
			name = Release;
		};
/* End XCBuildConfiguration section */

/* Begin XCConfigurationList section */
		A7B6216C1B3D727B008CEBD4 /* Build configuration list for PBXProject "POC-Charts" */ = {
			isa = XCConfigurationList;
			buildConfigurations = (
				A7B6218E1B3D727B008CEBD4 /* Debug */,
				A7B6218F1B3D727B008CEBD4 /* Release */,
			);
			defaultConfigurationIsVisible = 0;
			defaultConfigurationName = Release;
		};
		A7B621901B3D727B008CEBD4 /* Build configuration list for PBXNativeTarget "POC-Charts" */ = {
			isa = XCConfigurationList;
			buildConfigurations = (
				A7B621911B3D727B008CEBD4 /* Debug */,
				A7B621921B3D727B008CEBD4 /* Release */,
			);
			defaultConfigurationIsVisible = 0;
		};
		A7B621931B3D727B008CEBD4 /* Build configuration list for PBXNativeTarget "POC-ChartsTests" */ = {
			isa = XCConfigurationList;
			buildConfigurations = (
				A7B621941B3D727B008CEBD4 /* Debug */,
				A7B621951B3D727B008CEBD4 /* Release */,
			);
			defaultConfigurationIsVisible = 0;
		};
/* End XCConfigurationList section */
	};
	rootObject = A7B621691B3D727B008CEBD4 /* Project object */;
}
